// !$*UTF8*$!
{
	archiveVersion = 1;
	classes = {
	};
	objectVersion = 55;
	objects = {

/* Begin PBXBuildFile section */
		B14B8EE32880855600BE0E6E /* ios_clf_data5A06.csv in Resources */ = {isa = PBXBuildFile; fileRef = B14B8EC42880855600BE0E6E /* ios_clf_data5A06.csv */; };
		B14B8EE42880855600BE0E6E /* ios_clf_data5E01.csv in Resources */ = {isa = PBXBuildFile; fileRef = B14B8EC52880855600BE0E6E /* ios_clf_data5E01.csv */; };
		B14B8EE52880855600BE0E6E /* ios_clf_data5H02.csv in Resources */ = {isa = PBXBuildFile; fileRef = B14B8EC62880855600BE0E6E /* ios_clf_data5H02.csv */; };
		B14B8EE62880855600BE0E6E /* ios_clf_data5S08.csv in Resources */ = {isa = PBXBuildFile; fileRef = B14B8EC72880855600BE0E6E /* ios_clf_data5S08.csv */; };
		B14B8EE72880855600BE0E6E /* ios_clf_data5A11.csv in Resources */ = {isa = PBXBuildFile; fileRef = B14B8EC82880855600BE0E6E /* ios_clf_data5A11.csv */; };
		B14B8EE82880855600BE0E6E /* ios_clf_data5A03.csv in Resources */ = {isa = PBXBuildFile; fileRef = B14B8EC92880855600BE0E6E /* ios_clf_data5A03.csv */; };
		B14B8EE92880855600BE0E6E /* ios_clf_data5R02.csv in Resources */ = {isa = PBXBuildFile; fileRef = B14B8ECA2880855600BE0E6E /* ios_clf_data5R02.csv */; };
		B14B8EEA2880855600BE0E6E /* ios_clf_data5U01.csv in Resources */ = {isa = PBXBuildFile; fileRef = B14B8ECB2880855600BE0E6E /* ios_clf_data5U01.csv */; };
		B14B8EEB2880855600BE0E6E /* ios_clf_data5A09.csv in Resources */ = {isa = PBXBuildFile; fileRef = B14B8ECC2880855600BE0E6E /* ios_clf_data5A09.csv */; };
		B14B8EEC2880855600BE0E6E /* ios_clf_data5A01.csv in Resources */ = {isa = PBXBuildFile; fileRef = B14B8ECD2880855600BE0E6E /* ios_clf_data5A01.csv */; };
		B14B8EED2880855600BE0E6E /* ios_clf_data5E03.csv in Resources */ = {isa = PBXBuildFile; fileRef = B14B8ECE2880855600BE0E6E /* ios_clf_data5E03.csv */; };
		B14B8EEE2880855600BE0E6E /* ios_clf_data5H01.csv in Resources */ = {isa = PBXBuildFile; fileRef = B14B8ECF2880855600BE0E6E /* ios_clf_data5H01.csv */; };
		B14B8EEF2880855600BE0E6E /* ios_clf_data5A04.csv in Resources */ = {isa = PBXBuildFile; fileRef = B14B8ED02880855600BE0E6E /* ios_clf_data5A04.csv */; };
		B14B8EF02880855600BE0E6E /* ios_clf_data5S06.csv in Resources */ = {isa = PBXBuildFile; fileRef = B14B8ED12880855600BE0E6E /* ios_clf_data5S06.csv */; };
		B14B8EF12880855600BE0E6E /* ios_clf_data5S05.csv in Resources */ = {isa = PBXBuildFile; fileRef = B14B8ED22880855600BE0E6E /* ios_clf_data5S05.csv */; };
		B14B8EF22880855600BE0E6E /* ios_clf_data5S09.csv in Resources */ = {isa = PBXBuildFile; fileRef = B14B8ED32880855600BE0E6E /* ios_clf_data5S09.csv */; };
		B14B8EF32880855600BE0E6E /* ios_clf_data5A02.csv in Resources */ = {isa = PBXBuildFile; fileRef = B14B8ED42880855600BE0E6E /* ios_clf_data5A02.csv */; };
		B14B8EF42880855600BE0E6E /* ios_clf_data5R04.csv in Resources */ = {isa = PBXBuildFile; fileRef = B14B8ED52880855600BE0E6E /* ios_clf_data5R04.csv */; };
		B14B8EF52880855600BE0E6E /* ios_clf_data5S02.csv in Resources */ = {isa = PBXBuildFile; fileRef = B14B8ED62880855600BE0E6E /* ios_clf_data5S02.csv */; };
		B14B8EF62880855600BE0E6E /* ios_clf_data5S01.csv in Resources */ = {isa = PBXBuildFile; fileRef = B14B8ED72880855600BE0E6E /* ios_clf_data5S01.csv */; };
		B14B8EF72880855600BE0E6E /* ios_clf_data5S04.csv in Resources */ = {isa = PBXBuildFile; fileRef = B14B8ED82880855600BE0E6E /* ios_clf_data5S04.csv */; };
		B14B8EF82880855600BE0E6E /* ios_clf_data5A07.csv in Resources */ = {isa = PBXBuildFile; fileRef = B14B8ED92880855600BE0E6E /* ios_clf_data5A07.csv */; };
		B14B8EF92880855600BE0E6E /* ios_clf_data5A05.csv in Resources */ = {isa = PBXBuildFile; fileRef = B14B8EDA2880855600BE0E6E /* ios_clf_data5A05.csv */; };
		B14B8EFA2880855600BE0E6E /* ios_clf_data5A10.csv in Resources */ = {isa = PBXBuildFile; fileRef = B14B8EDB2880855600BE0E6E /* ios_clf_data5A10.csv */; };
		B14B8EFB2880855600BE0E6E /* ios_clf_data5S03.csv in Resources */ = {isa = PBXBuildFile; fileRef = B14B8EDC2880855600BE0E6E /* ios_clf_data5S03.csv */; };
		B14B8EFC2880855600BE0E6E /* ios_clf_data5R05.csv in Resources */ = {isa = PBXBuildFile; fileRef = B14B8EDD2880855600BE0E6E /* ios_clf_data5R05.csv */; };
		B14B8EFD2880855600BE0E6E /* ios_clf_data5E02.csv in Resources */ = {isa = PBXBuildFile; fileRef = B14B8EDE2880855600BE0E6E /* ios_clf_data5E02.csv */; };
		B14B8EFE2880855600BE0E6E /* ios_clf_data5S07.csv in Resources */ = {isa = PBXBuildFile; fileRef = B14B8EDF2880855600BE0E6E /* ios_clf_data5S07.csv */; };
		B14B8EFF2880855600BE0E6E /* ios_clf_data5R01.csv in Resources */ = {isa = PBXBuildFile; fileRef = B14B8EE02880855600BE0E6E /* ios_clf_data5R01.csv */; };
		B14B8F002880855600BE0E6E /* ios_clf_data5A08.csv in Resources */ = {isa = PBXBuildFile; fileRef = B14B8EE12880855600BE0E6E /* ios_clf_data5A08.csv */; };
		B14B8F012880855600BE0E6E /* ios_clf_data5R03.csv in Resources */ = {isa = PBXBuildFile; fileRef = B14B8EE22880855600BE0E6E /* ios_clf_data5R03.csv */; };
		B14B8F212880856500BE0E6E /* ios_clf_data4R05.csv in Resources */ = {isa = PBXBuildFile; fileRef = B14B8F022880856400BE0E6E /* ios_clf_data4R05.csv */; };
		B14B8F222880856500BE0E6E /* ios_clf_data4R01.csv in Resources */ = {isa = PBXBuildFile; fileRef = B14B8F032880856400BE0E6E /* ios_clf_data4R01.csv */; };
		B14B8F232880856500BE0E6E /* ios_clf_data4S08.csv in Resources */ = {isa = PBXBuildFile; fileRef = B14B8F042880856400BE0E6E /* ios_clf_data4S08.csv */; };
		B14B8F242880856500BE0E6E /* ios_clf_data4A04.csv in Resources */ = {isa = PBXBuildFile; fileRef = B14B8F052880856400BE0E6E /* ios_clf_data4A04.csv */; };
		B14B8F252880856500BE0E6E /* ios_clf_data4A02.csv in Resources */ = {isa = PBXBuildFile; fileRef = B14B8F062880856400BE0E6E /* ios_clf_data4A02.csv */; };
		B14B8F262880856500BE0E6E /* ios_clf_data4E02.csv in Resources */ = {isa = PBXBuildFile; fileRef = B14B8F072880856400BE0E6E /* ios_clf_data4E02.csv */; };
		B14B8F272880856500BE0E6E /* ios_clf_data4S06.csv in Resources */ = {isa = PBXBuildFile; fileRef = B14B8F082880856400BE0E6E /* ios_clf_data4S06.csv */; };
		B14B8F282880856500BE0E6E /* ios_clf_data4H02.csv in Resources */ = {isa = PBXBuildFile; fileRef = B14B8F092880856400BE0E6E /* ios_clf_data4H02.csv */; };
		B14B8F292880856500BE0E6E /* ios_clf_data4R02.csv in Resources */ = {isa = PBXBuildFile; fileRef = B14B8F0A2880856400BE0E6E /* ios_clf_data4R02.csv */; };
		B14B8F2A2880856500BE0E6E /* ios_clf_data4S02.csv in Resources */ = {isa = PBXBuildFile; fileRef = B14B8F0B2880856400BE0E6E /* ios_clf_data4S02.csv */; };
		B14B8F2B2880856500BE0E6E /* ios_clf_data4R04.csv in Resources */ = {isa = PBXBuildFile; fileRef = B14B8F0C2880856400BE0E6E /* ios_clf_data4R04.csv */; };
		B14B8F2C2880856500BE0E6E /* ios_clf_data4E03.csv in Resources */ = {isa = PBXBuildFile; fileRef = B14B8F0D2880856500BE0E6E /* ios_clf_data4E03.csv */; };
		B14B8F2D2880856500BE0E6E /* ios_clf_data4E01.csv in Resources */ = {isa = PBXBuildFile; fileRef = B14B8F0E2880856500BE0E6E /* ios_clf_data4E01.csv */; };
		B14B8F2E2880856500BE0E6E /* ios_clf_data4S07.csv in Resources */ = {isa = PBXBuildFile; fileRef = B14B8F0F2880856500BE0E6E /* ios_clf_data4S07.csv */; };
		B14B8F2F2880856500BE0E6E /* ios_clf_data4S03.csv in Resources */ = {isa = PBXBuildFile; fileRef = B14B8F102880856500BE0E6E /* ios_clf_data4S03.csv */; };
		B14B8F302880856500BE0E6E /* ios_clf_data4R03.csv in Resources */ = {isa = PBXBuildFile; fileRef = B14B8F112880856500BE0E6E /* ios_clf_data4R03.csv */; };
		B14B8F312880856500BE0E6E /* ios_clf_data4S09.csv in Resources */ = {isa = PBXBuildFile; fileRef = B14B8F122880856500BE0E6E /* ios_clf_data4S09.csv */; };
		B14B8F322880856500BE0E6E /* ios_clf_data4A05.csv in Resources */ = {isa = PBXBuildFile; fileRef = B14B8F132880856500BE0E6E /* ios_clf_data4A05.csv */; };
		B14B8F332880856500BE0E6E /* ios_clf_data4A11.csv in Resources */ = {isa = PBXBuildFile; fileRef = B14B8F142880856500BE0E6E /* ios_clf_data4A11.csv */; };
		B14B8F342880856500BE0E6E /* ios_clf_data4A10.csv in Resources */ = {isa = PBXBuildFile; fileRef = B14B8F152880856500BE0E6E /* ios_clf_data4A10.csv */; };
		B14B8F352880856500BE0E6E /* ios_clf_data4A06.csv in Resources */ = {isa = PBXBuildFile; fileRef = B14B8F162880856500BE0E6E /* ios_clf_data4A06.csv */; };
		B14B8F362880856500BE0E6E /* ios_clf_data4U01.csv in Resources */ = {isa = PBXBuildFile; fileRef = B14B8F172880856500BE0E6E /* ios_clf_data4U01.csv */; };
		B14B8F372880856500BE0E6E /* ios_clf_data4A01.csv in Resources */ = {isa = PBXBuildFile; fileRef = B14B8F182880856500BE0E6E /* ios_clf_data4A01.csv */; };
		B14B8F382880856500BE0E6E /* ios_clf_data4A07.csv in Resources */ = {isa = PBXBuildFile; fileRef = B14B8F192880856500BE0E6E /* ios_clf_data4A07.csv */; };
		B14B8F392880856500BE0E6E /* ios_clf_data4S05.csv in Resources */ = {isa = PBXBuildFile; fileRef = B14B8F1A2880856500BE0E6E /* ios_clf_data4S05.csv */; };
		B14B8F3A2880856500BE0E6E /* ios_clf_data4A09.csv in Resources */ = {isa = PBXBuildFile; fileRef = B14B8F1B2880856500BE0E6E /* ios_clf_data4A09.csv */; };
		B14B8F3B2880856500BE0E6E /* ios_clf_data4A03.csv in Resources */ = {isa = PBXBuildFile; fileRef = B14B8F1C2880856500BE0E6E /* ios_clf_data4A03.csv */; };
		B14B8F3C2880856500BE0E6E /* ios_clf_data4A08.csv in Resources */ = {isa = PBXBuildFile; fileRef = B14B8F1D2880856500BE0E6E /* ios_clf_data4A08.csv */; };
		B14B8F3D2880856500BE0E6E /* ios_clf_data4H01.csv in Resources */ = {isa = PBXBuildFile; fileRef = B14B8F1E2880856500BE0E6E /* ios_clf_data4H01.csv */; };
		B14B8F3E2880856500BE0E6E /* ios_clf_data4S01.csv in Resources */ = {isa = PBXBuildFile; fileRef = B14B8F1F2880856500BE0E6E /* ios_clf_data4S01.csv */; };
		B14B8F3F2880856500BE0E6E /* ios_clf_data4S04.csv in Resources */ = {isa = PBXBuildFile; fileRef = B14B8F202880856500BE0E6E /* ios_clf_data4S04.csv */; };
		B14B8F5F2880857000BE0E6E /* S05.csv in Resources */ = {isa = PBXBuildFile; fileRef = B14B8F402880856F00BE0E6E /* S05.csv */; };
		B14B8F602880857000BE0E6E /* S09.csv in Resources */ = {isa = PBXBuildFile; fileRef = B14B8F412880856F00BE0E6E /* S09.csv */; };
		B14B8F612880857000BE0E6E /* A01.csv in Resources */ = {isa = PBXBuildFile; fileRef = B14B8F422880856F00BE0E6E /* A01.csv */; };
		B14B8F622880857000BE0E6E /* A09.csv in Resources */ = {isa = PBXBuildFile; fileRef = B14B8F432880856F00BE0E6E /* A09.csv */; };
		B14B8F632880857000BE0E6E /* S08.csv in Resources */ = {isa = PBXBuildFile; fileRef = B14B8F442880856F00BE0E6E /* S08.csv */; };
		B14B8F642880857000BE0E6E /* S04.csv in Resources */ = {isa = PBXBuildFile; fileRef = B14B8F452880856F00BE0E6E /* S04.csv */; };
		B14B8F652880857000BE0E6E /* R03.csv in Resources */ = {isa = PBXBuildFile; fileRef = B14B8F462880856F00BE0E6E /* R03.csv */; };
		B14B8F662880857000BE0E6E /* A06.csv in Resources */ = {isa = PBXBuildFile; fileRef = B14B8F472880856F00BE0E6E /* A06.csv */; };
		B14B8F672880857000BE0E6E /* R01.csv in Resources */ = {isa = PBXBuildFile; fileRef = B14B8F482880856F00BE0E6E /* R01.csv */; };
		B14B8F682880857000BE0E6E /* A10.csv in Resources */ = {isa = PBXBuildFile; fileRef = B14B8F492880856F00BE0E6E /* A10.csv */; };
		B14B8F692880857000BE0E6E /* E01.csv in Resources */ = {isa = PBXBuildFile; fileRef = B14B8F4A2880856F00BE0E6E /* E01.csv */; };
		B14B8F6A2880857000BE0E6E /* A05.csv in Resources */ = {isa = PBXBuildFile; fileRef = B14B8F4B2880856F00BE0E6E /* A05.csv */; };
		B14B8F6B2880857000BE0E6E /* S02.csv in Resources */ = {isa = PBXBuildFile; fileRef = B14B8F4C2880856F00BE0E6E /* S02.csv */; };
		B14B8F6C2880857000BE0E6E /* R02.csv in Resources */ = {isa = PBXBuildFile; fileRef = B14B8F4D2880856F00BE0E6E /* R02.csv */; };
		B14B8F6D2880857000BE0E6E /* E03.csv in Resources */ = {isa = PBXBuildFile; fileRef = B14B8F4E2880856F00BE0E6E /* E03.csv */; };
		B14B8F6E2880857000BE0E6E /* H02.csv in Resources */ = {isa = PBXBuildFile; fileRef = B14B8F4F2880856F00BE0E6E /* H02.csv */; };
		B14B8F6F2880857000BE0E6E /* E02.csv in Resources */ = {isa = PBXBuildFile; fileRef = B14B8F502880856F00BE0E6E /* E02.csv */; };
		B14B8F702880857000BE0E6E /* H01.csv in Resources */ = {isa = PBXBuildFile; fileRef = B14B8F512880856F00BE0E6E /* H01.csv */; };
		B14B8F712880857000BE0E6E /* R05.csv in Resources */ = {isa = PBXBuildFile; fileRef = B14B8F522880856F00BE0E6E /* R05.csv */; };
		B14B8F722880857000BE0E6E /* A08.csv in Resources */ = {isa = PBXBuildFile; fileRef = B14B8F532880856F00BE0E6E /* A08.csv */; };
		B14B8F732880857000BE0E6E /* A07.csv in Resources */ = {isa = PBXBuildFile; fileRef = B14B8F542880856F00BE0E6E /* A07.csv */; };
		B14B8F742880857000BE0E6E /* A03.csv in Resources */ = {isa = PBXBuildFile; fileRef = B14B8F552880856F00BE0E6E /* A03.csv */; };
		B14B8F752880857000BE0E6E /* U01.csv in Resources */ = {isa = PBXBuildFile; fileRef = B14B8F562880856F00BE0E6E /* U01.csv */; };
		B14B8F762880857000BE0E6E /* A02.csv in Resources */ = {isa = PBXBuildFile; fileRef = B14B8F572880856F00BE0E6E /* A02.csv */; };
		B14B8F772880857000BE0E6E /* S06.csv in Resources */ = {isa = PBXBuildFile; fileRef = B14B8F582880856F00BE0E6E /* S06.csv */; };
		B14B8F782880857000BE0E6E /* A04.csv in Resources */ = {isa = PBXBuildFile; fileRef = B14B8F592880856F00BE0E6E /* A04.csv */; };
		B14B8F792880857000BE0E6E /* S07.csv in Resources */ = {isa = PBXBuildFile; fileRef = B14B8F5A2880856F00BE0E6E /* S07.csv */; };
		B14B8F7A2880857000BE0E6E /* S03.csv in Resources */ = {isa = PBXBuildFile; fileRef = B14B8F5B2880856F00BE0E6E /* S03.csv */; };
		B14B8F7B2880857000BE0E6E /* A11.csv in Resources */ = {isa = PBXBuildFile; fileRef = B14B8F5C2880856F00BE0E6E /* A11.csv */; };
		B14B8F7C2880857000BE0E6E /* S01.csv in Resources */ = {isa = PBXBuildFile; fileRef = B14B8F5D2880856F00BE0E6E /* S01.csv */; };
		B14B8F7D2880857000BE0E6E /* R04.csv in Resources */ = {isa = PBXBuildFile; fileRef = B14B8F5E2880857000BE0E6E /* R04.csv */; };
		B14B8F9D2880857900BE0E6E /* ios_clf_data7S07.csv in Resources */ = {isa = PBXBuildFile; fileRef = B14B8F7E2880857800BE0E6E /* ios_clf_data7S07.csv */; };
		B14B8F9E2880857900BE0E6E /* ios_clf_data7S04.csv in Resources */ = {isa = PBXBuildFile; fileRef = B14B8F7F2880857800BE0E6E /* ios_clf_data7S04.csv */; };
		B14B8F9F2880857900BE0E6E /* ios_clf_data7R05.csv in Resources */ = {isa = PBXBuildFile; fileRef = B14B8F802880857800BE0E6E /* ios_clf_data7R05.csv */; };
		B14B8FA02880857900BE0E6E /* ios_clf_data7H02.csv in Resources */ = {isa = PBXBuildFile; fileRef = B14B8F812880857800BE0E6E /* ios_clf_data7H02.csv */; };
		B14B8FA12880857900BE0E6E /* ios_clf_data7S02.csv in Resources */ = {isa = PBXBuildFile; fileRef = B14B8F822880857800BE0E6E /* ios_clf_data7S02.csv */; };
		B14B8FA22880857900BE0E6E /* ios_clf_data7R04.csv in Resources */ = {isa = PBXBuildFile; fileRef = B14B8F832880857800BE0E6E /* ios_clf_data7R04.csv */; };
		B14B8FA32880857900BE0E6E /* ios_clf_data7A04.csv in Resources */ = {isa = PBXBuildFile; fileRef = B14B8F842880857800BE0E6E /* ios_clf_data7A04.csv */; };
		B14B8FA42880857900BE0E6E /* ios_clf_data7U01.csv in Resources */ = {isa = PBXBuildFile; fileRef = B14B8F852880857800BE0E6E /* ios_clf_data7U01.csv */; };
		B14B8FA52880857900BE0E6E /* ios_clf_data7S01.csv in Resources */ = {isa = PBXBuildFile; fileRef = B14B8F862880857800BE0E6E /* ios_clf_data7S01.csv */; };
		B14B8FA62880857900BE0E6E /* ios_clf_data7A02.csv in Resources */ = {isa = PBXBuildFile; fileRef = B14B8F872880857800BE0E6E /* ios_clf_data7A02.csv */; };
		B14B8FA72880857900BE0E6E /* ios_clf_data7A11.csv in Resources */ = {isa = PBXBuildFile; fileRef = B14B8F882880857800BE0E6E /* ios_clf_data7A11.csv */; };
		B14B8FA82880857900BE0E6E /* ios_clf_data7S05.csv in Resources */ = {isa = PBXBuildFile; fileRef = B14B8F892880857800BE0E6E /* ios_clf_data7S05.csv */; };
		B14B8FA92880857900BE0E6E /* ios_clf_data7S06.csv in Resources */ = {isa = PBXBuildFile; fileRef = B14B8F8A2880857800BE0E6E /* ios_clf_data7S06.csv */; };
		B14B8FAA2880857900BE0E6E /* ios_clf_data7A09.csv in Resources */ = {isa = PBXBuildFile; fileRef = B14B8F8B2880857800BE0E6E /* ios_clf_data7A09.csv */; };
		B14B8FAB2880857900BE0E6E /* ios_clf_data7S09.csv in Resources */ = {isa = PBXBuildFile; fileRef = B14B8F8C2880857800BE0E6E /* ios_clf_data7S09.csv */; };
		B14B8FAC2880857900BE0E6E /* ios_clf_data7A05.csv in Resources */ = {isa = PBXBuildFile; fileRef = B14B8F8D2880857800BE0E6E /* ios_clf_data7A05.csv */; };
		B14B8FAD2880857900BE0E6E /* ios_clf_data7A03.csv in Resources */ = {isa = PBXBuildFile; fileRef = B14B8F8E2880857800BE0E6E /* ios_clf_data7A03.csv */; };
		B14B8FAE2880857900BE0E6E /* ios_clf_data7E03.csv in Resources */ = {isa = PBXBuildFile; fileRef = B14B8F8F2880857800BE0E6E /* ios_clf_data7E03.csv */; };
		B14B8FAF2880857900BE0E6E /* ios_clf_data7A06.csv in Resources */ = {isa = PBXBuildFile; fileRef = B14B8F902880857800BE0E6E /* ios_clf_data7A06.csv */; };
		B14B8FB02880857900BE0E6E /* ios_clf_data7A10.csv in Resources */ = {isa = PBXBuildFile; fileRef = B14B8F912880857800BE0E6E /* ios_clf_data7A10.csv */; };
		B14B8FB12880857900BE0E6E /* ios_clf_data7R02.csv in Resources */ = {isa = PBXBuildFile; fileRef = B14B8F922880857800BE0E6E /* ios_clf_data7R02.csv */; };
		B14B8FB22880857900BE0E6E /* ios_clf_data7R01.csv in Resources */ = {isa = PBXBuildFile; fileRef = B14B8F932880857800BE0E6E /* ios_clf_data7R01.csv */; };
		B14B8FB32880857900BE0E6E /* ios_clf_data7E01.csv in Resources */ = {isa = PBXBuildFile; fileRef = B14B8F942880857800BE0E6E /* ios_clf_data7E01.csv */; };
		B14B8FB42880857900BE0E6E /* ios_clf_data7A07.csv in Resources */ = {isa = PBXBuildFile; fileRef = B14B8F952880857800BE0E6E /* ios_clf_data7A07.csv */; };
		B14B8FB52880857900BE0E6E /* ios_clf_data7S08.csv in Resources */ = {isa = PBXBuildFile; fileRef = B14B8F962880857800BE0E6E /* ios_clf_data7S08.csv */; };
		B14B8FB62880857900BE0E6E /* ios_clf_data7H01.csv in Resources */ = {isa = PBXBuildFile; fileRef = B14B8F972880857900BE0E6E /* ios_clf_data7H01.csv */; };
		B14B8FB72880857900BE0E6E /* ios_clf_data7A08.csv in Resources */ = {isa = PBXBuildFile; fileRef = B14B8F982880857900BE0E6E /* ios_clf_data7A08.csv */; };
		B14B8FB82880857900BE0E6E /* ios_clf_data7E02.csv in Resources */ = {isa = PBXBuildFile; fileRef = B14B8F992880857900BE0E6E /* ios_clf_data7E02.csv */; };
		B14B8FB92880857900BE0E6E /* ios_clf_data7A01.csv in Resources */ = {isa = PBXBuildFile; fileRef = B14B8F9A2880857900BE0E6E /* ios_clf_data7A01.csv */; };
		B14B8FBA2880857900BE0E6E /* ios_clf_data7S03.csv in Resources */ = {isa = PBXBuildFile; fileRef = B14B8F9B2880857900BE0E6E /* ios_clf_data7S03.csv */; };
		B14B8FBB2880857900BE0E6E /* ios_clf_data7R03.csv in Resources */ = {isa = PBXBuildFile; fileRef = B14B8F9C2880857900BE0E6E /* ios_clf_data7R03.csv */; };
		B14B8FBD2880B23700BE0E6E /* Heading.swift in Sources */ = {isa = PBXBuildFile; fileRef = B14B8FBC2880B23700BE0E6E /* Heading.swift */; };
		B1915932287A76AA001CB91E /* AppDelegate.swift in Sources */ = {isa = PBXBuildFile; fileRef = B1915931287A76AA001CB91E /* AppDelegate.swift */; };
		B1915934287A76AA001CB91E /* SceneDelegate.swift in Sources */ = {isa = PBXBuildFile; fileRef = B1915933287A76AA001CB91E /* SceneDelegate.swift */; };
		B1915939287A76AA001CB91E /* Main.storyboard in Resources */ = {isa = PBXBuildFile; fileRef = B1915937287A76AA001CB91E /* Main.storyboard */; };
		B191593B287A76AA001CB91E /* Assets.xcassets in Resources */ = {isa = PBXBuildFile; fileRef = B191593A287A76AA001CB91E /* Assets.xcassets */; };
		B191593E287A76AA001CB91E /* LaunchScreen.storyboard in Resources */ = {isa = PBXBuildFile; fileRef = B191593C287A76AA001CB91E /* LaunchScreen.storyboard */; };
		B1915947287A77A1001CB91E /* FirebaseMLModelDownloader in Frameworks */ = {isa = PBXBuildFile; productRef = B1915946287A77A1001CB91E /* FirebaseMLModelDownloader */; };
		B1915949287A77A1001CB91E /* FirebaseMessaging in Frameworks */ = {isa = PBXBuildFile; productRef = B1915948287A77A1001CB91E /* FirebaseMessaging */; };
		B191594D287A7AFE001CB91E /* GoogleService-Info.plist in Resources */ = {isa = PBXBuildFile; fileRef = B191594C287A7AFE001CB91E /* GoogleService-Info.plist */; };
		B191594F287A7B4C001CB91E /* BeaconViewController.swift in Sources */ = {isa = PBXBuildFile; fileRef = B191594E287A7B4C001CB91E /* BeaconViewController.swift */; };
		B1915951287A7BDA001CB91E /* ModelInterpreter.swift in Sources */ = {isa = PBXBuildFile; fileRef = B1915950287A7BDA001CB91E /* ModelInterpreter.swift */; };
		B1915953287A7E0F001CB91E /* Beacon.swift in Sources */ = {isa = PBXBuildFile; fileRef = B1915952287A7E0F001CB91E /* Beacon.swift */; };
		B1915955287A7E28001CB91E /* KalmanFilter.swift in Sources */ = {isa = PBXBuildFile; fileRef = B1915954287A7E28001CB91E /* KalmanFilter.swift */; };
		B1915957287A7E71001CB91E /* BeaconManager.swift in Sources */ = {isa = PBXBuildFile; fileRef = B1915956287A7E71001CB91E /* BeaconManager.swift */; };
		B1915959287A7EA7001CB91E /* CSVService.swift in Sources */ = {isa = PBXBuildFile; fileRef = B1915958287A7EA7001CB91E /* CSVService.swift */; };
		B191595B287A8681001CB91E /* BeaconCell.swift in Sources */ = {isa = PBXBuildFile; fileRef = B191595A287A8681001CB91E /* BeaconCell.swift */; };
		B191595E287AA69F001CB91E /* ARNavigationViewController.swift in Sources */ = {isa = PBXBuildFile; fileRef = B191595D287AA69F001CB91E /* ARNavigationViewController.swift */; };
		B1915961287DC053001CB91E /* SocketIO in Frameworks */ = {isa = PBXBuildFile; productRef = B1915960287DC053001CB91E /* SocketIO */; };
		B1915963287DDDCF001CB91E /* SocketIOManager.swift in Sources */ = {isa = PBXBuildFile; fileRef = B1915962287DDDCF001CB91E /* SocketIOManager.swift */; };
		B19159EF287F345A001CB91E /* LabelTableViewCell.swift in Sources */ = {isa = PBXBuildFile; fileRef = B19159ED287F345A001CB91E /* LabelTableViewCell.swift */; };
		B19159F0287F345A001CB91E /* LabelTableViewCell.xib in Resources */ = {isa = PBXBuildFile; fileRef = B19159EE287F345A001CB91E /* LabelTableViewCell.xib */; };
		CB578D0A86EC2FEA06A1ADE0 /* Pods_AR_Evacuation_Beacon.framework in Frameworks */ = {isa = PBXBuildFile; fileRef = ED6DF6F1FA424AB8DEB00784 /* Pods_AR_Evacuation_Beacon.framework */; };
/* End PBXBuildFile section */

/* Begin PBXFileReference section */
		0AAA225C72513DDADD22C250 /* Pods-AR_Evacuation_Beacon.release.xcconfig */ = {isa = PBXFileReference; includeInIndex = 1; lastKnownFileType = text.xcconfig; name = "Pods-AR_Evacuation_Beacon.release.xcconfig"; path = "Target Support Files/Pods-AR_Evacuation_Beacon/Pods-AR_Evacuation_Beacon.release.xcconfig"; sourceTree = "<group>"; };
		51691426705F53637B5D5A41 /* Pods-AR_Evacuation_Beacon.debug.xcconfig */ = {isa = PBXFileReference; includeInIndex = 1; lastKnownFileType = text.xcconfig; name = "Pods-AR_Evacuation_Beacon.debug.xcconfig"; path = "Target Support Files/Pods-AR_Evacuation_Beacon/Pods-AR_Evacuation_Beacon.debug.xcconfig"; sourceTree = "<group>"; };
		B14B8EC42880855600BE0E6E /* ios_clf_data5A06.csv */ = {isa = PBXFileReference; fileEncoding = 4; lastKnownFileType = text; name = ios_clf_data5A06.csv; path = ../../../iOS_clf_dataset/ios_clf_data_5/ios_clf_data5A06.csv; sourceTree = "<group>"; };
		B14B8EC52880855600BE0E6E /* ios_clf_data5E01.csv */ = {isa = PBXFileReference; fileEncoding = 4; lastKnownFileType = text; name = ios_clf_data5E01.csv; path = ../../../iOS_clf_dataset/ios_clf_data_5/ios_clf_data5E01.csv; sourceTree = "<group>"; };
		B14B8EC62880855600BE0E6E /* ios_clf_data5H02.csv */ = {isa = PBXFileReference; fileEncoding = 4; lastKnownFileType = text; name = ios_clf_data5H02.csv; path = ../../../iOS_clf_dataset/ios_clf_data_5/ios_clf_data5H02.csv; sourceTree = "<group>"; };
		B14B8EC72880855600BE0E6E /* ios_clf_data5S08.csv */ = {isa = PBXFileReference; fileEncoding = 4; lastKnownFileType = text; name = ios_clf_data5S08.csv; path = ../../../iOS_clf_dataset/ios_clf_data_5/ios_clf_data5S08.csv; sourceTree = "<group>"; };
		B14B8EC82880855600BE0E6E /* ios_clf_data5A11.csv */ = {isa = PBXFileReference; fileEncoding = 4; lastKnownFileType = text; name = ios_clf_data5A11.csv; path = ../../../iOS_clf_dataset/ios_clf_data_5/ios_clf_data5A11.csv; sourceTree = "<group>"; };
		B14B8EC92880855600BE0E6E /* ios_clf_data5A03.csv */ = {isa = PBXFileReference; fileEncoding = 4; lastKnownFileType = text; name = ios_clf_data5A03.csv; path = ../../../iOS_clf_dataset/ios_clf_data_5/ios_clf_data5A03.csv; sourceTree = "<group>"; };
		B14B8ECA2880855600BE0E6E /* ios_clf_data5R02.csv */ = {isa = PBXFileReference; fileEncoding = 4; lastKnownFileType = text; name = ios_clf_data5R02.csv; path = ../../../iOS_clf_dataset/ios_clf_data_5/ios_clf_data5R02.csv; sourceTree = "<group>"; };
		B14B8ECB2880855600BE0E6E /* ios_clf_data5U01.csv */ = {isa = PBXFileReference; fileEncoding = 4; lastKnownFileType = text; name = ios_clf_data5U01.csv; path = ../../../iOS_clf_dataset/ios_clf_data_5/ios_clf_data5U01.csv; sourceTree = "<group>"; };
		B14B8ECC2880855600BE0E6E /* ios_clf_data5A09.csv */ = {isa = PBXFileReference; fileEncoding = 4; lastKnownFileType = text; name = ios_clf_data5A09.csv; path = ../../../iOS_clf_dataset/ios_clf_data_5/ios_clf_data5A09.csv; sourceTree = "<group>"; };
		B14B8ECD2880855600BE0E6E /* ios_clf_data5A01.csv */ = {isa = PBXFileReference; fileEncoding = 4; lastKnownFileType = text; name = ios_clf_data5A01.csv; path = ../../../iOS_clf_dataset/ios_clf_data_5/ios_clf_data5A01.csv; sourceTree = "<group>"; };
		B14B8ECE2880855600BE0E6E /* ios_clf_data5E03.csv */ = {isa = PBXFileReference; fileEncoding = 4; lastKnownFileType = text; name = ios_clf_data5E03.csv; path = ../../../iOS_clf_dataset/ios_clf_data_5/ios_clf_data5E03.csv; sourceTree = "<group>"; };
		B14B8ECF2880855600BE0E6E /* ios_clf_data5H01.csv */ = {isa = PBXFileReference; fileEncoding = 4; lastKnownFileType = text; name = ios_clf_data5H01.csv; path = ../../../iOS_clf_dataset/ios_clf_data_5/ios_clf_data5H01.csv; sourceTree = "<group>"; };
		B14B8ED02880855600BE0E6E /* ios_clf_data5A04.csv */ = {isa = PBXFileReference; fileEncoding = 4; lastKnownFileType = text; name = ios_clf_data5A04.csv; path = ../../../iOS_clf_dataset/ios_clf_data_5/ios_clf_data5A04.csv; sourceTree = "<group>"; };
		B14B8ED12880855600BE0E6E /* ios_clf_data5S06.csv */ = {isa = PBXFileReference; fileEncoding = 4; lastKnownFileType = text; name = ios_clf_data5S06.csv; path = ../../../iOS_clf_dataset/ios_clf_data_5/ios_clf_data5S06.csv; sourceTree = "<group>"; };
		B14B8ED22880855600BE0E6E /* ios_clf_data5S05.csv */ = {isa = PBXFileReference; fileEncoding = 4; lastKnownFileType = text; name = ios_clf_data5S05.csv; path = ../../../iOS_clf_dataset/ios_clf_data_5/ios_clf_data5S05.csv; sourceTree = "<group>"; };
		B14B8ED32880855600BE0E6E /* ios_clf_data5S09.csv */ = {isa = PBXFileReference; fileEncoding = 4; lastKnownFileType = text; name = ios_clf_data5S09.csv; path = ../../../iOS_clf_dataset/ios_clf_data_5/ios_clf_data5S09.csv; sourceTree = "<group>"; };
		B14B8ED42880855600BE0E6E /* ios_clf_data5A02.csv */ = {isa = PBXFileReference; fileEncoding = 4; lastKnownFileType = text; name = ios_clf_data5A02.csv; path = ../../../iOS_clf_dataset/ios_clf_data_5/ios_clf_data5A02.csv; sourceTree = "<group>"; };
		B14B8ED52880855600BE0E6E /* ios_clf_data5R04.csv */ = {isa = PBXFileReference; fileEncoding = 4; lastKnownFileType = text; name = ios_clf_data5R04.csv; path = ../../../iOS_clf_dataset/ios_clf_data_5/ios_clf_data5R04.csv; sourceTree = "<group>"; };
		B14B8ED62880855600BE0E6E /* ios_clf_data5S02.csv */ = {isa = PBXFileReference; fileEncoding = 4; lastKnownFileType = text; name = ios_clf_data5S02.csv; path = ../../../iOS_clf_dataset/ios_clf_data_5/ios_clf_data5S02.csv; sourceTree = "<group>"; };
		B14B8ED72880855600BE0E6E /* ios_clf_data5S01.csv */ = {isa = PBXFileReference; fileEncoding = 4; lastKnownFileType = text; name = ios_clf_data5S01.csv; path = ../../../iOS_clf_dataset/ios_clf_data_5/ios_clf_data5S01.csv; sourceTree = "<group>"; };
		B14B8ED82880855600BE0E6E /* ios_clf_data5S04.csv */ = {isa = PBXFileReference; fileEncoding = 4; lastKnownFileType = text; name = ios_clf_data5S04.csv; path = ../../../iOS_clf_dataset/ios_clf_data_5/ios_clf_data5S04.csv; sourceTree = "<group>"; };
		B14B8ED92880855600BE0E6E /* ios_clf_data5A07.csv */ = {isa = PBXFileReference; fileEncoding = 4; lastKnownFileType = text; name = ios_clf_data5A07.csv; path = ../../../iOS_clf_dataset/ios_clf_data_5/ios_clf_data5A07.csv; sourceTree = "<group>"; };
		B14B8EDA2880855600BE0E6E /* ios_clf_data5A05.csv */ = {isa = PBXFileReference; fileEncoding = 4; lastKnownFileType = text; name = ios_clf_data5A05.csv; path = ../../../iOS_clf_dataset/ios_clf_data_5/ios_clf_data5A05.csv; sourceTree = "<group>"; };
		B14B8EDB2880855600BE0E6E /* ios_clf_data5A10.csv */ = {isa = PBXFileReference; fileEncoding = 4; lastKnownFileType = text; name = ios_clf_data5A10.csv; path = ../../../iOS_clf_dataset/ios_clf_data_5/ios_clf_data5A10.csv; sourceTree = "<group>"; };
		B14B8EDC2880855600BE0E6E /* ios_clf_data5S03.csv */ = {isa = PBXFileReference; fileEncoding = 4; lastKnownFileType = text; name = ios_clf_data5S03.csv; path = ../../../iOS_clf_dataset/ios_clf_data_5/ios_clf_data5S03.csv; sourceTree = "<group>"; };
		B14B8EDD2880855600BE0E6E /* ios_clf_data5R05.csv */ = {isa = PBXFileReference; fileEncoding = 4; lastKnownFileType = text; name = ios_clf_data5R05.csv; path = ../../../iOS_clf_dataset/ios_clf_data_5/ios_clf_data5R05.csv; sourceTree = "<group>"; };
		B14B8EDE2880855600BE0E6E /* ios_clf_data5E02.csv */ = {isa = PBXFileReference; fileEncoding = 4; lastKnownFileType = text; name = ios_clf_data5E02.csv; path = ../../../iOS_clf_dataset/ios_clf_data_5/ios_clf_data5E02.csv; sourceTree = "<group>"; };
		B14B8EDF2880855600BE0E6E /* ios_clf_data5S07.csv */ = {isa = PBXFileReference; fileEncoding = 4; lastKnownFileType = text; name = ios_clf_data5S07.csv; path = ../../../iOS_clf_dataset/ios_clf_data_5/ios_clf_data5S07.csv; sourceTree = "<group>"; };
		B14B8EE02880855600BE0E6E /* ios_clf_data5R01.csv */ = {isa = PBXFileReference; fileEncoding = 4; lastKnownFileType = text; name = ios_clf_data5R01.csv; path = ../../../iOS_clf_dataset/ios_clf_data_5/ios_clf_data5R01.csv; sourceTree = "<group>"; };
		B14B8EE12880855600BE0E6E /* ios_clf_data5A08.csv */ = {isa = PBXFileReference; fileEncoding = 4; lastKnownFileType = text; name = ios_clf_data5A08.csv; path = ../../../iOS_clf_dataset/ios_clf_data_5/ios_clf_data5A08.csv; sourceTree = "<group>"; };
		B14B8EE22880855600BE0E6E /* ios_clf_data5R03.csv */ = {isa = PBXFileReference; fileEncoding = 4; lastKnownFileType = text; name = ios_clf_data5R03.csv; path = ../../../iOS_clf_dataset/ios_clf_data_5/ios_clf_data5R03.csv; sourceTree = "<group>"; };
		B14B8F022880856400BE0E6E /* ios_clf_data4R05.csv */ = {isa = PBXFileReference; fileEncoding = 4; lastKnownFileType = text; name = ios_clf_data4R05.csv; path = ../../../iOS_clf_dataset/ios_clf_data_4/ios_clf_data4R05.csv; sourceTree = "<group>"; };
		B14B8F032880856400BE0E6E /* ios_clf_data4R01.csv */ = {isa = PBXFileReference; fileEncoding = 4; lastKnownFileType = text; name = ios_clf_data4R01.csv; path = ../../../iOS_clf_dataset/ios_clf_data_4/ios_clf_data4R01.csv; sourceTree = "<group>"; };
		B14B8F042880856400BE0E6E /* ios_clf_data4S08.csv */ = {isa = PBXFileReference; fileEncoding = 4; lastKnownFileType = text; name = ios_clf_data4S08.csv; path = ../../../iOS_clf_dataset/ios_clf_data_4/ios_clf_data4S08.csv; sourceTree = "<group>"; };
		B14B8F052880856400BE0E6E /* ios_clf_data4A04.csv */ = {isa = PBXFileReference; fileEncoding = 4; lastKnownFileType = text; name = ios_clf_data4A04.csv; path = ../../../iOS_clf_dataset/ios_clf_data_4/ios_clf_data4A04.csv; sourceTree = "<group>"; };
		B14B8F062880856400BE0E6E /* ios_clf_data4A02.csv */ = {isa = PBXFileReference; fileEncoding = 4; lastKnownFileType = text; name = ios_clf_data4A02.csv; path = ../../../iOS_clf_dataset/ios_clf_data_4/ios_clf_data4A02.csv; sourceTree = "<group>"; };
		B14B8F072880856400BE0E6E /* ios_clf_data4E02.csv */ = {isa = PBXFileReference; fileEncoding = 4; lastKnownFileType = text; name = ios_clf_data4E02.csv; path = ../../../iOS_clf_dataset/ios_clf_data_4/ios_clf_data4E02.csv; sourceTree = "<group>"; };
		B14B8F082880856400BE0E6E /* ios_clf_data4S06.csv */ = {isa = PBXFileReference; fileEncoding = 4; lastKnownFileType = text; name = ios_clf_data4S06.csv; path = ../../../iOS_clf_dataset/ios_clf_data_4/ios_clf_data4S06.csv; sourceTree = "<group>"; };
		B14B8F092880856400BE0E6E /* ios_clf_data4H02.csv */ = {isa = PBXFileReference; fileEncoding = 4; lastKnownFileType = text; name = ios_clf_data4H02.csv; path = ../../../iOS_clf_dataset/ios_clf_data_4/ios_clf_data4H02.csv; sourceTree = "<group>"; };
		B14B8F0A2880856400BE0E6E /* ios_clf_data4R02.csv */ = {isa = PBXFileReference; fileEncoding = 4; lastKnownFileType = text; name = ios_clf_data4R02.csv; path = ../../../iOS_clf_dataset/ios_clf_data_4/ios_clf_data4R02.csv; sourceTree = "<group>"; };
		B14B8F0B2880856400BE0E6E /* ios_clf_data4S02.csv */ = {isa = PBXFileReference; fileEncoding = 4; lastKnownFileType = text; name = ios_clf_data4S02.csv; path = ../../../iOS_clf_dataset/ios_clf_data_4/ios_clf_data4S02.csv; sourceTree = "<group>"; };
		B14B8F0C2880856400BE0E6E /* ios_clf_data4R04.csv */ = {isa = PBXFileReference; fileEncoding = 4; lastKnownFileType = text; name = ios_clf_data4R04.csv; path = ../../../iOS_clf_dataset/ios_clf_data_4/ios_clf_data4R04.csv; sourceTree = "<group>"; };
		B14B8F0D2880856500BE0E6E /* ios_clf_data4E03.csv */ = {isa = PBXFileReference; fileEncoding = 4; lastKnownFileType = text; name = ios_clf_data4E03.csv; path = ../../../iOS_clf_dataset/ios_clf_data_4/ios_clf_data4E03.csv; sourceTree = "<group>"; };
		B14B8F0E2880856500BE0E6E /* ios_clf_data4E01.csv */ = {isa = PBXFileReference; fileEncoding = 4; lastKnownFileType = text; name = ios_clf_data4E01.csv; path = ../../../iOS_clf_dataset/ios_clf_data_4/ios_clf_data4E01.csv; sourceTree = "<group>"; };
		B14B8F0F2880856500BE0E6E /* ios_clf_data4S07.csv */ = {isa = PBXFileReference; fileEncoding = 4; lastKnownFileType = text; name = ios_clf_data4S07.csv; path = ../../../iOS_clf_dataset/ios_clf_data_4/ios_clf_data4S07.csv; sourceTree = "<group>"; };
		B14B8F102880856500BE0E6E /* ios_clf_data4S03.csv */ = {isa = PBXFileReference; fileEncoding = 4; lastKnownFileType = text; name = ios_clf_data4S03.csv; path = ../../../iOS_clf_dataset/ios_clf_data_4/ios_clf_data4S03.csv; sourceTree = "<group>"; };
		B14B8F112880856500BE0E6E /* ios_clf_data4R03.csv */ = {isa = PBXFileReference; fileEncoding = 4; lastKnownFileType = text; name = ios_clf_data4R03.csv; path = ../../../iOS_clf_dataset/ios_clf_data_4/ios_clf_data4R03.csv; sourceTree = "<group>"; };
		B14B8F122880856500BE0E6E /* ios_clf_data4S09.csv */ = {isa = PBXFileReference; fileEncoding = 4; lastKnownFileType = text; name = ios_clf_data4S09.csv; path = ../../../iOS_clf_dataset/ios_clf_data_4/ios_clf_data4S09.csv; sourceTree = "<group>"; };
		B14B8F132880856500BE0E6E /* ios_clf_data4A05.csv */ = {isa = PBXFileReference; fileEncoding = 4; lastKnownFileType = text; name = ios_clf_data4A05.csv; path = ../../../iOS_clf_dataset/ios_clf_data_4/ios_clf_data4A05.csv; sourceTree = "<group>"; };
		B14B8F142880856500BE0E6E /* ios_clf_data4A11.csv */ = {isa = PBXFileReference; fileEncoding = 4; lastKnownFileType = text; name = ios_clf_data4A11.csv; path = ../../../iOS_clf_dataset/ios_clf_data_4/ios_clf_data4A11.csv; sourceTree = "<group>"; };
		B14B8F152880856500BE0E6E /* ios_clf_data4A10.csv */ = {isa = PBXFileReference; fileEncoding = 4; lastKnownFileType = text; name = ios_clf_data4A10.csv; path = ../../../iOS_clf_dataset/ios_clf_data_4/ios_clf_data4A10.csv; sourceTree = "<group>"; };
		B14B8F162880856500BE0E6E /* ios_clf_data4A06.csv */ = {isa = PBXFileReference; fileEncoding = 4; lastKnownFileType = text; name = ios_clf_data4A06.csv; path = ../../../iOS_clf_dataset/ios_clf_data_4/ios_clf_data4A06.csv; sourceTree = "<group>"; };
		B14B8F172880856500BE0E6E /* ios_clf_data4U01.csv */ = {isa = PBXFileReference; fileEncoding = 4; lastKnownFileType = text; name = ios_clf_data4U01.csv; path = ../../../iOS_clf_dataset/ios_clf_data_4/ios_clf_data4U01.csv; sourceTree = "<group>"; };
		B14B8F182880856500BE0E6E /* ios_clf_data4A01.csv */ = {isa = PBXFileReference; fileEncoding = 4; lastKnownFileType = text; name = ios_clf_data4A01.csv; path = ../../../iOS_clf_dataset/ios_clf_data_4/ios_clf_data4A01.csv; sourceTree = "<group>"; };
		B14B8F192880856500BE0E6E /* ios_clf_data4A07.csv */ = {isa = PBXFileReference; fileEncoding = 4; lastKnownFileType = text; name = ios_clf_data4A07.csv; path = ../../../iOS_clf_dataset/ios_clf_data_4/ios_clf_data4A07.csv; sourceTree = "<group>"; };
		B14B8F1A2880856500BE0E6E /* ios_clf_data4S05.csv */ = {isa = PBXFileReference; fileEncoding = 4; lastKnownFileType = text; name = ios_clf_data4S05.csv; path = ../../../iOS_clf_dataset/ios_clf_data_4/ios_clf_data4S05.csv; sourceTree = "<group>"; };
		B14B8F1B2880856500BE0E6E /* ios_clf_data4A09.csv */ = {isa = PBXFileReference; fileEncoding = 4; lastKnownFileType = text; name = ios_clf_data4A09.csv; path = ../../../iOS_clf_dataset/ios_clf_data_4/ios_clf_data4A09.csv; sourceTree = "<group>"; };
		B14B8F1C2880856500BE0E6E /* ios_clf_data4A03.csv */ = {isa = PBXFileReference; fileEncoding = 4; lastKnownFileType = text; name = ios_clf_data4A03.csv; path = ../../../iOS_clf_dataset/ios_clf_data_4/ios_clf_data4A03.csv; sourceTree = "<group>"; };
		B14B8F1D2880856500BE0E6E /* ios_clf_data4A08.csv */ = {isa = PBXFileReference; fileEncoding = 4; lastKnownFileType = text; name = ios_clf_data4A08.csv; path = ../../../iOS_clf_dataset/ios_clf_data_4/ios_clf_data4A08.csv; sourceTree = "<group>"; };
		B14B8F1E2880856500BE0E6E /* ios_clf_data4H01.csv */ = {isa = PBXFileReference; fileEncoding = 4; lastKnownFileType = text; name = ios_clf_data4H01.csv; path = ../../../iOS_clf_dataset/ios_clf_data_4/ios_clf_data4H01.csv; sourceTree = "<group>"; };
		B14B8F1F2880856500BE0E6E /* ios_clf_data4S01.csv */ = {isa = PBXFileReference; fileEncoding = 4; lastKnownFileType = text; name = ios_clf_data4S01.csv; path = ../../../iOS_clf_dataset/ios_clf_data_4/ios_clf_data4S01.csv; sourceTree = "<group>"; };
		B14B8F202880856500BE0E6E /* ios_clf_data4S04.csv */ = {isa = PBXFileReference; fileEncoding = 4; lastKnownFileType = text; name = ios_clf_data4S04.csv; path = ../../../iOS_clf_dataset/ios_clf_data_4/ios_clf_data4S04.csv; sourceTree = "<group>"; };
		B14B8F402880856F00BE0E6E /* S05.csv */ = {isa = PBXFileReference; fileEncoding = 4; lastKnownFileType = text; name = S05.csv; path = ../../../iOS_clf_dataset/ios_clf_data_all/S05.csv; sourceTree = "<group>"; };
		B14B8F412880856F00BE0E6E /* S09.csv */ = {isa = PBXFileReference; fileEncoding = 4; lastKnownFileType = text; name = S09.csv; path = ../../../iOS_clf_dataset/ios_clf_data_all/S09.csv; sourceTree = "<group>"; };
		B14B8F422880856F00BE0E6E /* A01.csv */ = {isa = PBXFileReference; fileEncoding = 4; lastKnownFileType = text; name = A01.csv; path = ../../../iOS_clf_dataset/ios_clf_data_all/A01.csv; sourceTree = "<group>"; };
		B14B8F432880856F00BE0E6E /* A09.csv */ = {isa = PBXFileReference; fileEncoding = 4; lastKnownFileType = text; name = A09.csv; path = ../../../iOS_clf_dataset/ios_clf_data_all/A09.csv; sourceTree = "<group>"; };
		B14B8F442880856F00BE0E6E /* S08.csv */ = {isa = PBXFileReference; fileEncoding = 4; lastKnownFileType = text; name = S08.csv; path = ../../../iOS_clf_dataset/ios_clf_data_all/S08.csv; sourceTree = "<group>"; };
		B14B8F452880856F00BE0E6E /* S04.csv */ = {isa = PBXFileReference; fileEncoding = 4; lastKnownFileType = text; name = S04.csv; path = ../../../iOS_clf_dataset/ios_clf_data_all/S04.csv; sourceTree = "<group>"; };
		B14B8F462880856F00BE0E6E /* R03.csv */ = {isa = PBXFileReference; fileEncoding = 4; lastKnownFileType = text; name = R03.csv; path = ../../../iOS_clf_dataset/ios_clf_data_all/R03.csv; sourceTree = "<group>"; };
		B14B8F472880856F00BE0E6E /* A06.csv */ = {isa = PBXFileReference; fileEncoding = 4; lastKnownFileType = text; name = A06.csv; path = ../../../iOS_clf_dataset/ios_clf_data_all/A06.csv; sourceTree = "<group>"; };
		B14B8F482880856F00BE0E6E /* R01.csv */ = {isa = PBXFileReference; fileEncoding = 4; lastKnownFileType = text; name = R01.csv; path = ../../../iOS_clf_dataset/ios_clf_data_all/R01.csv; sourceTree = "<group>"; };
		B14B8F492880856F00BE0E6E /* A10.csv */ = {isa = PBXFileReference; fileEncoding = 4; lastKnownFileType = text; name = A10.csv; path = ../../../iOS_clf_dataset/ios_clf_data_all/A10.csv; sourceTree = "<group>"; };
		B14B8F4A2880856F00BE0E6E /* E01.csv */ = {isa = PBXFileReference; fileEncoding = 4; lastKnownFileType = text; name = E01.csv; path = ../../../iOS_clf_dataset/ios_clf_data_all/E01.csv; sourceTree = "<group>"; };
		B14B8F4B2880856F00BE0E6E /* A05.csv */ = {isa = PBXFileReference; fileEncoding = 4; lastKnownFileType = text; name = A05.csv; path = ../../../iOS_clf_dataset/ios_clf_data_all/A05.csv; sourceTree = "<group>"; };
		B14B8F4C2880856F00BE0E6E /* S02.csv */ = {isa = PBXFileReference; fileEncoding = 4; lastKnownFileType = text; name = S02.csv; path = ../../../iOS_clf_dataset/ios_clf_data_all/S02.csv; sourceTree = "<group>"; };
		B14B8F4D2880856F00BE0E6E /* R02.csv */ = {isa = PBXFileReference; fileEncoding = 4; lastKnownFileType = text; name = R02.csv; path = ../../../iOS_clf_dataset/ios_clf_data_all/R02.csv; sourceTree = "<group>"; };
		B14B8F4E2880856F00BE0E6E /* E03.csv */ = {isa = PBXFileReference; fileEncoding = 4; lastKnownFileType = text; name = E03.csv; path = ../../../iOS_clf_dataset/ios_clf_data_all/E03.csv; sourceTree = "<group>"; };
		B14B8F4F2880856F00BE0E6E /* H02.csv */ = {isa = PBXFileReference; fileEncoding = 4; lastKnownFileType = text; name = H02.csv; path = ../../../iOS_clf_dataset/ios_clf_data_all/H02.csv; sourceTree = "<group>"; };
		B14B8F502880856F00BE0E6E /* E02.csv */ = {isa = PBXFileReference; fileEncoding = 4; lastKnownFileType = text; name = E02.csv; path = ../../../iOS_clf_dataset/ios_clf_data_all/E02.csv; sourceTree = "<group>"; };
		B14B8F512880856F00BE0E6E /* H01.csv */ = {isa = PBXFileReference; fileEncoding = 4; lastKnownFileType = text; name = H01.csv; path = ../../../iOS_clf_dataset/ios_clf_data_all/H01.csv; sourceTree = "<group>"; };
		B14B8F522880856F00BE0E6E /* R05.csv */ = {isa = PBXFileReference; fileEncoding = 4; lastKnownFileType = text; name = R05.csv; path = ../../../iOS_clf_dataset/ios_clf_data_all/R05.csv; sourceTree = "<group>"; };
		B14B8F532880856F00BE0E6E /* A08.csv */ = {isa = PBXFileReference; fileEncoding = 4; lastKnownFileType = text; name = A08.csv; path = ../../../iOS_clf_dataset/ios_clf_data_all/A08.csv; sourceTree = "<group>"; };
		B14B8F542880856F00BE0E6E /* A07.csv */ = {isa = PBXFileReference; fileEncoding = 4; lastKnownFileType = text; name = A07.csv; path = ../../../iOS_clf_dataset/ios_clf_data_all/A07.csv; sourceTree = "<group>"; };
		B14B8F552880856F00BE0E6E /* A03.csv */ = {isa = PBXFileReference; fileEncoding = 4; lastKnownFileType = text; name = A03.csv; path = ../../../iOS_clf_dataset/ios_clf_data_all/A03.csv; sourceTree = "<group>"; };
		B14B8F562880856F00BE0E6E /* U01.csv */ = {isa = PBXFileReference; fileEncoding = 4; lastKnownFileType = text; name = U01.csv; path = ../../../iOS_clf_dataset/ios_clf_data_all/U01.csv; sourceTree = "<group>"; };
		B14B8F572880856F00BE0E6E /* A02.csv */ = {isa = PBXFileReference; fileEncoding = 4; lastKnownFileType = text; name = A02.csv; path = ../../../iOS_clf_dataset/ios_clf_data_all/A02.csv; sourceTree = "<group>"; };
		B14B8F582880856F00BE0E6E /* S06.csv */ = {isa = PBXFileReference; fileEncoding = 4; lastKnownFileType = text; name = S06.csv; path = ../../../iOS_clf_dataset/ios_clf_data_all/S06.csv; sourceTree = "<group>"; };
		B14B8F592880856F00BE0E6E /* A04.csv */ = {isa = PBXFileReference; fileEncoding = 4; lastKnownFileType = text; name = A04.csv; path = ../../../iOS_clf_dataset/ios_clf_data_all/A04.csv; sourceTree = "<group>"; };
		B14B8F5A2880856F00BE0E6E /* S07.csv */ = {isa = PBXFileReference; fileEncoding = 4; lastKnownFileType = text; name = S07.csv; path = ../../../iOS_clf_dataset/ios_clf_data_all/S07.csv; sourceTree = "<group>"; };
		B14B8F5B2880856F00BE0E6E /* S03.csv */ = {isa = PBXFileReference; fileEncoding = 4; lastKnownFileType = text; name = S03.csv; path = ../../../iOS_clf_dataset/ios_clf_data_all/S03.csv; sourceTree = "<group>"; };
		B14B8F5C2880856F00BE0E6E /* A11.csv */ = {isa = PBXFileReference; fileEncoding = 4; lastKnownFileType = text; name = A11.csv; path = ../../../iOS_clf_dataset/ios_clf_data_all/A11.csv; sourceTree = "<group>"; };
		B14B8F5D2880856F00BE0E6E /* S01.csv */ = {isa = PBXFileReference; fileEncoding = 4; lastKnownFileType = text; name = S01.csv; path = ../../../iOS_clf_dataset/ios_clf_data_all/S01.csv; sourceTree = "<group>"; };
		B14B8F5E2880857000BE0E6E /* R04.csv */ = {isa = PBXFileReference; fileEncoding = 4; lastKnownFileType = text; name = R04.csv; path = ../../../iOS_clf_dataset/ios_clf_data_all/R04.csv; sourceTree = "<group>"; };
		B14B8F7E2880857800BE0E6E /* ios_clf_data7S07.csv */ = {isa = PBXFileReference; fileEncoding = 4; lastKnownFileType = text; name = ios_clf_data7S07.csv; path = ../../../iOS_clf_dataset/ios_clf_data_7/ios_clf_data7S07.csv; sourceTree = "<group>"; };
		B14B8F7F2880857800BE0E6E /* ios_clf_data7S04.csv */ = {isa = PBXFileReference; fileEncoding = 4; lastKnownFileType = text; name = ios_clf_data7S04.csv; path = ../../../iOS_clf_dataset/ios_clf_data_7/ios_clf_data7S04.csv; sourceTree = "<group>"; };
		B14B8F802880857800BE0E6E /* ios_clf_data7R05.csv */ = {isa = PBXFileReference; fileEncoding = 4; lastKnownFileType = text; name = ios_clf_data7R05.csv; path = ../../../iOS_clf_dataset/ios_clf_data_7/ios_clf_data7R05.csv; sourceTree = "<group>"; };
		B14B8F812880857800BE0E6E /* ios_clf_data7H02.csv */ = {isa = PBXFileReference; fileEncoding = 4; lastKnownFileType = text; name = ios_clf_data7H02.csv; path = ../../../iOS_clf_dataset/ios_clf_data_7/ios_clf_data7H02.csv; sourceTree = "<group>"; };
		B14B8F822880857800BE0E6E /* ios_clf_data7S02.csv */ = {isa = PBXFileReference; fileEncoding = 4; lastKnownFileType = text; name = ios_clf_data7S02.csv; path = ../../../iOS_clf_dataset/ios_clf_data_7/ios_clf_data7S02.csv; sourceTree = "<group>"; };
		B14B8F832880857800BE0E6E /* ios_clf_data7R04.csv */ = {isa = PBXFileReference; fileEncoding = 4; lastKnownFileType = text; name = ios_clf_data7R04.csv; path = ../../../iOS_clf_dataset/ios_clf_data_7/ios_clf_data7R04.csv; sourceTree = "<group>"; };
		B14B8F842880857800BE0E6E /* ios_clf_data7A04.csv */ = {isa = PBXFileReference; fileEncoding = 4; lastKnownFileType = text; name = ios_clf_data7A04.csv; path = ../../../iOS_clf_dataset/ios_clf_data_7/ios_clf_data7A04.csv; sourceTree = "<group>"; };
		B14B8F852880857800BE0E6E /* ios_clf_data7U01.csv */ = {isa = PBXFileReference; fileEncoding = 4; lastKnownFileType = text; name = ios_clf_data7U01.csv; path = ../../../iOS_clf_dataset/ios_clf_data_7/ios_clf_data7U01.csv; sourceTree = "<group>"; };
		B14B8F862880857800BE0E6E /* ios_clf_data7S01.csv */ = {isa = PBXFileReference; fileEncoding = 4; lastKnownFileType = text; name = ios_clf_data7S01.csv; path = ../../../iOS_clf_dataset/ios_clf_data_7/ios_clf_data7S01.csv; sourceTree = "<group>"; };
		B14B8F872880857800BE0E6E /* ios_clf_data7A02.csv */ = {isa = PBXFileReference; fileEncoding = 4; lastKnownFileType = text; name = ios_clf_data7A02.csv; path = ../../../iOS_clf_dataset/ios_clf_data_7/ios_clf_data7A02.csv; sourceTree = "<group>"; };
		B14B8F882880857800BE0E6E /* ios_clf_data7A11.csv */ = {isa = PBXFileReference; fileEncoding = 4; lastKnownFileType = text; name = ios_clf_data7A11.csv; path = ../../../iOS_clf_dataset/ios_clf_data_7/ios_clf_data7A11.csv; sourceTree = "<group>"; };
		B14B8F892880857800BE0E6E /* ios_clf_data7S05.csv */ = {isa = PBXFileReference; fileEncoding = 4; lastKnownFileType = text; name = ios_clf_data7S05.csv; path = ../../../iOS_clf_dataset/ios_clf_data_7/ios_clf_data7S05.csv; sourceTree = "<group>"; };
		B14B8F8A2880857800BE0E6E /* ios_clf_data7S06.csv */ = {isa = PBXFileReference; fileEncoding = 4; lastKnownFileType = text; name = ios_clf_data7S06.csv; path = ../../../iOS_clf_dataset/ios_clf_data_7/ios_clf_data7S06.csv; sourceTree = "<group>"; };
		B14B8F8B2880857800BE0E6E /* ios_clf_data7A09.csv */ = {isa = PBXFileReference; fileEncoding = 4; lastKnownFileType = text; name = ios_clf_data7A09.csv; path = ../../../iOS_clf_dataset/ios_clf_data_7/ios_clf_data7A09.csv; sourceTree = "<group>"; };
		B14B8F8C2880857800BE0E6E /* ios_clf_data7S09.csv */ = {isa = PBXFileReference; fileEncoding = 4; lastKnownFileType = text; name = ios_clf_data7S09.csv; path = ../../../iOS_clf_dataset/ios_clf_data_7/ios_clf_data7S09.csv; sourceTree = "<group>"; };
		B14B8F8D2880857800BE0E6E /* ios_clf_data7A05.csv */ = {isa = PBXFileReference; fileEncoding = 4; lastKnownFileType = text; name = ios_clf_data7A05.csv; path = ../../../iOS_clf_dataset/ios_clf_data_7/ios_clf_data7A05.csv; sourceTree = "<group>"; };
		B14B8F8E2880857800BE0E6E /* ios_clf_data7A03.csv */ = {isa = PBXFileReference; fileEncoding = 4; lastKnownFileType = text; name = ios_clf_data7A03.csv; path = ../../../iOS_clf_dataset/ios_clf_data_7/ios_clf_data7A03.csv; sourceTree = "<group>"; };
		B14B8F8F2880857800BE0E6E /* ios_clf_data7E03.csv */ = {isa = PBXFileReference; fileEncoding = 4; lastKnownFileType = text; name = ios_clf_data7E03.csv; path = ../../../iOS_clf_dataset/ios_clf_data_7/ios_clf_data7E03.csv; sourceTree = "<group>"; };
		B14B8F902880857800BE0E6E /* ios_clf_data7A06.csv */ = {isa = PBXFileReference; fileEncoding = 4; lastKnownFileType = text; name = ios_clf_data7A06.csv; path = ../../../iOS_clf_dataset/ios_clf_data_7/ios_clf_data7A06.csv; sourceTree = "<group>"; };
		B14B8F912880857800BE0E6E /* ios_clf_data7A10.csv */ = {isa = PBXFileReference; fileEncoding = 4; lastKnownFileType = text; name = ios_clf_data7A10.csv; path = ../../../iOS_clf_dataset/ios_clf_data_7/ios_clf_data7A10.csv; sourceTree = "<group>"; };
		B14B8F922880857800BE0E6E /* ios_clf_data7R02.csv */ = {isa = PBXFileReference; fileEncoding = 4; lastKnownFileType = text; name = ios_clf_data7R02.csv; path = ../../../iOS_clf_dataset/ios_clf_data_7/ios_clf_data7R02.csv; sourceTree = "<group>"; };
		B14B8F932880857800BE0E6E /* ios_clf_data7R01.csv */ = {isa = PBXFileReference; fileEncoding = 4; lastKnownFileType = text; name = ios_clf_data7R01.csv; path = ../../../iOS_clf_dataset/ios_clf_data_7/ios_clf_data7R01.csv; sourceTree = "<group>"; };
		B14B8F942880857800BE0E6E /* ios_clf_data7E01.csv */ = {isa = PBXFileReference; fileEncoding = 4; lastKnownFileType = text; name = ios_clf_data7E01.csv; path = ../../../iOS_clf_dataset/ios_clf_data_7/ios_clf_data7E01.csv; sourceTree = "<group>"; };
		B14B8F952880857800BE0E6E /* ios_clf_data7A07.csv */ = {isa = PBXFileReference; fileEncoding = 4; lastKnownFileType = text; name = ios_clf_data7A07.csv; path = ../../../iOS_clf_dataset/ios_clf_data_7/ios_clf_data7A07.csv; sourceTree = "<group>"; };
		B14B8F962880857800BE0E6E /* ios_clf_data7S08.csv */ = {isa = PBXFileReference; fileEncoding = 4; lastKnownFileType = text; name = ios_clf_data7S08.csv; path = ../../../iOS_clf_dataset/ios_clf_data_7/ios_clf_data7S08.csv; sourceTree = "<group>"; };
		B14B8F972880857900BE0E6E /* ios_clf_data7H01.csv */ = {isa = PBXFileReference; fileEncoding = 4; lastKnownFileType = text; name = ios_clf_data7H01.csv; path = ../../../iOS_clf_dataset/ios_clf_data_7/ios_clf_data7H01.csv; sourceTree = "<group>"; };
		B14B8F982880857900BE0E6E /* ios_clf_data7A08.csv */ = {isa = PBXFileReference; fileEncoding = 4; lastKnownFileType = text; name = ios_clf_data7A08.csv; path = ../../../iOS_clf_dataset/ios_clf_data_7/ios_clf_data7A08.csv; sourceTree = "<group>"; };
		B14B8F992880857900BE0E6E /* ios_clf_data7E02.csv */ = {isa = PBXFileReference; fileEncoding = 4; lastKnownFileType = text; name = ios_clf_data7E02.csv; path = ../../../iOS_clf_dataset/ios_clf_data_7/ios_clf_data7E02.csv; sourceTree = "<group>"; };
		B14B8F9A2880857900BE0E6E /* ios_clf_data7A01.csv */ = {isa = PBXFileReference; fileEncoding = 4; lastKnownFileType = text; name = ios_clf_data7A01.csv; path = ../../../iOS_clf_dataset/ios_clf_data_7/ios_clf_data7A01.csv; sourceTree = "<group>"; };
		B14B8F9B2880857900BE0E6E /* ios_clf_data7S03.csv */ = {isa = PBXFileReference; fileEncoding = 4; lastKnownFileType = text; name = ios_clf_data7S03.csv; path = ../../../iOS_clf_dataset/ios_clf_data_7/ios_clf_data7S03.csv; sourceTree = "<group>"; };
		B14B8F9C2880857900BE0E6E /* ios_clf_data7R03.csv */ = {isa = PBXFileReference; fileEncoding = 4; lastKnownFileType = text; name = ios_clf_data7R03.csv; path = ../../../iOS_clf_dataset/ios_clf_data_7/ios_clf_data7R03.csv; sourceTree = "<group>"; };
		B14B8FBC2880B23700BE0E6E /* Heading.swift */ = {isa = PBXFileReference; lastKnownFileType = sourcecode.swift; path = Heading.swift; sourceTree = "<group>"; };
		B191592E287A76AA001CB91E /* AR_Evacuation_Beacon.app */ = {isa = PBXFileReference; explicitFileType = wrapper.application; includeInIndex = 0; path = AR_Evacuation_Beacon.app; sourceTree = BUILT_PRODUCTS_DIR; };
		B1915931287A76AA001CB91E /* AppDelegate.swift */ = {isa = PBXFileReference; lastKnownFileType = sourcecode.swift; path = AppDelegate.swift; sourceTree = "<group>"; };
		B1915933287A76AA001CB91E /* SceneDelegate.swift */ = {isa = PBXFileReference; lastKnownFileType = sourcecode.swift; path = SceneDelegate.swift; sourceTree = "<group>"; };
		B1915938287A76AA001CB91E /* Base */ = {isa = PBXFileReference; lastKnownFileType = file.storyboard; name = Base; path = Base.lproj/Main.storyboard; sourceTree = "<group>"; };
		B191593A287A76AA001CB91E /* Assets.xcassets */ = {isa = PBXFileReference; lastKnownFileType = folder.assetcatalog; path = Assets.xcassets; sourceTree = "<group>"; };
		B191593D287A76AA001CB91E /* Base */ = {isa = PBXFileReference; lastKnownFileType = file.storyboard; name = Base; path = Base.lproj/LaunchScreen.storyboard; sourceTree = "<group>"; };
		B191593F287A76AA001CB91E /* Info.plist */ = {isa = PBXFileReference; lastKnownFileType = text.plist.xml; path = Info.plist; sourceTree = "<group>"; };
		B191594C287A7AFE001CB91E /* GoogleService-Info.plist */ = {isa = PBXFileReference; fileEncoding = 4; lastKnownFileType = text.plist.xml; path = "GoogleService-Info.plist"; sourceTree = "<group>"; };
		B191594E287A7B4C001CB91E /* BeaconViewController.swift */ = {isa = PBXFileReference; lastKnownFileType = sourcecode.swift; path = BeaconViewController.swift; sourceTree = "<group>"; };
		B1915950287A7BDA001CB91E /* ModelInterpreter.swift */ = {isa = PBXFileReference; lastKnownFileType = sourcecode.swift; path = ModelInterpreter.swift; sourceTree = "<group>"; };
		B1915952287A7E0F001CB91E /* Beacon.swift */ = {isa = PBXFileReference; lastKnownFileType = sourcecode.swift; path = Beacon.swift; sourceTree = "<group>"; };
		B1915954287A7E28001CB91E /* KalmanFilter.swift */ = {isa = PBXFileReference; lastKnownFileType = sourcecode.swift; path = KalmanFilter.swift; sourceTree = "<group>"; };
		B1915956287A7E71001CB91E /* BeaconManager.swift */ = {isa = PBXFileReference; lastKnownFileType = sourcecode.swift; path = BeaconManager.swift; sourceTree = "<group>"; };
		B1915958287A7EA7001CB91E /* CSVService.swift */ = {isa = PBXFileReference; lastKnownFileType = sourcecode.swift; path = CSVService.swift; sourceTree = "<group>"; };
		B191595A287A8681001CB91E /* BeaconCell.swift */ = {isa = PBXFileReference; lastKnownFileType = sourcecode.swift; path = BeaconCell.swift; sourceTree = "<group>"; };
		B191595C287AA58D001CB91E /* AR_Evacuation_Beacon.entitlements */ = {isa = PBXFileReference; lastKnownFileType = text.plist.entitlements; path = AR_Evacuation_Beacon.entitlements; sourceTree = "<group>"; };
		B191595D287AA69F001CB91E /* ARNavigationViewController.swift */ = {isa = PBXFileReference; lastKnownFileType = sourcecode.swift; path = ARNavigationViewController.swift; sourceTree = "<group>"; };
		B1915962287DDDCF001CB91E /* SocketIOManager.swift */ = {isa = PBXFileReference; lastKnownFileType = sourcecode.swift; path = SocketIOManager.swift; sourceTree = "<group>"; };
		B19159ED287F345A001CB91E /* LabelTableViewCell.swift */ = {isa = PBXFileReference; lastKnownFileType = sourcecode.swift; path = LabelTableViewCell.swift; sourceTree = "<group>"; };
		B19159EE287F345A001CB91E /* LabelTableViewCell.xib */ = {isa = PBXFileReference; lastKnownFileType = file.xib; path = LabelTableViewCell.xib; sourceTree = "<group>"; };
		ED6DF6F1FA424AB8DEB00784 /* Pods_AR_Evacuation_Beacon.framework */ = {isa = PBXFileReference; explicitFileType = wrapper.framework; includeInIndex = 0; path = Pods_AR_Evacuation_Beacon.framework; sourceTree = BUILT_PRODUCTS_DIR; };
/* End PBXFileReference section */

/* Begin PBXFrameworksBuildPhase section */
		B191592B287A76AA001CB91E /* Frameworks */ = {
			isa = PBXFrameworksBuildPhase;
			buildActionMask = 2147483647;
			files = (
				B1915949287A77A1001CB91E /* FirebaseMessaging in Frameworks */,
				B1915961287DC053001CB91E /* SocketIO in Frameworks */,
				B1915947287A77A1001CB91E /* FirebaseMLModelDownloader in Frameworks */,
				CB578D0A86EC2FEA06A1ADE0 /* Pods_AR_Evacuation_Beacon.framework in Frameworks */,
			);
			runOnlyForDeploymentPostprocessing = 0;
		};
/* End PBXFrameworksBuildPhase section */

/* Begin PBXGroup section */
		1EB5BF083C7E106250BA5123 /* Pods */ = {
			isa = PBXGroup;
			children = (
				51691426705F53637B5D5A41 /* Pods-AR_Evacuation_Beacon.debug.xcconfig */,
				0AAA225C72513DDADD22C250 /* Pods-AR_Evacuation_Beacon.release.xcconfig */,
			);
			path = Pods;
			sourceTree = "<group>";
		};
		772EA2A341090682D7BCD80A /* Frameworks */ = {
			isa = PBXGroup;
			children = (
				ED6DF6F1FA424AB8DEB00784 /* Pods_AR_Evacuation_Beacon.framework */,
			);
			name = Frameworks;
			sourceTree = "<group>";
		};
		B14B8E3F288083D000BE0E6E /* data */ = {
			isa = PBXGroup;
			children = (
				B14B8F9A2880857900BE0E6E /* ios_clf_data7A01.csv */,
				B14B8F872880857800BE0E6E /* ios_clf_data7A02.csv */,
				B14B8F8E2880857800BE0E6E /* ios_clf_data7A03.csv */,
				B14B8F842880857800BE0E6E /* ios_clf_data7A04.csv */,
				B14B8F8D2880857800BE0E6E /* ios_clf_data7A05.csv */,
				B14B8F902880857800BE0E6E /* ios_clf_data7A06.csv */,
				B14B8F952880857800BE0E6E /* ios_clf_data7A07.csv */,
				B14B8F982880857900BE0E6E /* ios_clf_data7A08.csv */,
				B14B8F8B2880857800BE0E6E /* ios_clf_data7A09.csv */,
				B14B8F912880857800BE0E6E /* ios_clf_data7A10.csv */,
				B14B8F882880857800BE0E6E /* ios_clf_data7A11.csv */,
				B14B8F942880857800BE0E6E /* ios_clf_data7E01.csv */,
				B14B8F992880857900BE0E6E /* ios_clf_data7E02.csv */,
				B14B8F8F2880857800BE0E6E /* ios_clf_data7E03.csv */,
				B14B8F972880857900BE0E6E /* ios_clf_data7H01.csv */,
				B14B8F812880857800BE0E6E /* ios_clf_data7H02.csv */,
				B14B8F932880857800BE0E6E /* ios_clf_data7R01.csv */,
				B14B8F922880857800BE0E6E /* ios_clf_data7R02.csv */,
				B14B8F9C2880857900BE0E6E /* ios_clf_data7R03.csv */,
				B14B8F832880857800BE0E6E /* ios_clf_data7R04.csv */,
				B14B8F802880857800BE0E6E /* ios_clf_data7R05.csv */,
				B14B8F862880857800BE0E6E /* ios_clf_data7S01.csv */,
				B14B8F822880857800BE0E6E /* ios_clf_data7S02.csv */,
				B14B8F9B2880857900BE0E6E /* ios_clf_data7S03.csv */,
				B14B8F7F2880857800BE0E6E /* ios_clf_data7S04.csv */,
				B14B8F892880857800BE0E6E /* ios_clf_data7S05.csv */,
				B14B8F8A2880857800BE0E6E /* ios_clf_data7S06.csv */,
				B14B8F7E2880857800BE0E6E /* ios_clf_data7S07.csv */,
				B14B8F962880857800BE0E6E /* ios_clf_data7S08.csv */,
				B14B8F8C2880857800BE0E6E /* ios_clf_data7S09.csv */,
				B14B8F852880857800BE0E6E /* ios_clf_data7U01.csv */,
				B14B8F422880856F00BE0E6E /* A01.csv */,
				B14B8F572880856F00BE0E6E /* A02.csv */,
				B14B8F552880856F00BE0E6E /* A03.csv */,
				B14B8F592880856F00BE0E6E /* A04.csv */,
				B14B8F4B2880856F00BE0E6E /* A05.csv */,
				B14B8F472880856F00BE0E6E /* A06.csv */,
				B14B8F542880856F00BE0E6E /* A07.csv */,
				B14B8F532880856F00BE0E6E /* A08.csv */,
				B14B8F432880856F00BE0E6E /* A09.csv */,
				B14B8F492880856F00BE0E6E /* A10.csv */,
				B14B8F5C2880856F00BE0E6E /* A11.csv */,
				B14B8F4A2880856F00BE0E6E /* E01.csv */,
				B14B8F502880856F00BE0E6E /* E02.csv */,
				B14B8F4E2880856F00BE0E6E /* E03.csv */,
				B14B8F512880856F00BE0E6E /* H01.csv */,
				B14B8F4F2880856F00BE0E6E /* H02.csv */,
				B14B8F482880856F00BE0E6E /* R01.csv */,
				B14B8F4D2880856F00BE0E6E /* R02.csv */,
				B14B8F462880856F00BE0E6E /* R03.csv */,
				B14B8F5E2880857000BE0E6E /* R04.csv */,
				B14B8F522880856F00BE0E6E /* R05.csv */,
				B14B8F5D2880856F00BE0E6E /* S01.csv */,
				B14B8F4C2880856F00BE0E6E /* S02.csv */,
				B14B8F5B2880856F00BE0E6E /* S03.csv */,
				B14B8F452880856F00BE0E6E /* S04.csv */,
				B14B8F402880856F00BE0E6E /* S05.csv */,
				B14B8F582880856F00BE0E6E /* S06.csv */,
				B14B8F5A2880856F00BE0E6E /* S07.csv */,
				B14B8F442880856F00BE0E6E /* S08.csv */,
				B14B8F412880856F00BE0E6E /* S09.csv */,
				B14B8F562880856F00BE0E6E /* U01.csv */,
				B14B8F182880856500BE0E6E /* ios_clf_data4A01.csv */,
				B14B8F062880856400BE0E6E /* ios_clf_data4A02.csv */,
				B14B8F1C2880856500BE0E6E /* ios_clf_data4A03.csv */,
				B14B8F052880856400BE0E6E /* ios_clf_data4A04.csv */,
				B14B8F132880856500BE0E6E /* ios_clf_data4A05.csv */,
				B14B8F162880856500BE0E6E /* ios_clf_data4A06.csv */,
				B14B8F192880856500BE0E6E /* ios_clf_data4A07.csv */,
				B14B8F1D2880856500BE0E6E /* ios_clf_data4A08.csv */,
				B14B8F1B2880856500BE0E6E /* ios_clf_data4A09.csv */,
				B14B8F152880856500BE0E6E /* ios_clf_data4A10.csv */,
				B14B8F142880856500BE0E6E /* ios_clf_data4A11.csv */,
				B14B8F0E2880856500BE0E6E /* ios_clf_data4E01.csv */,
				B14B8F072880856400BE0E6E /* ios_clf_data4E02.csv */,
				B14B8F0D2880856500BE0E6E /* ios_clf_data4E03.csv */,
				B14B8F1E2880856500BE0E6E /* ios_clf_data4H01.csv */,
				B14B8F092880856400BE0E6E /* ios_clf_data4H02.csv */,
				B14B8F032880856400BE0E6E /* ios_clf_data4R01.csv */,
				B14B8F0A2880856400BE0E6E /* ios_clf_data4R02.csv */,
				B14B8F112880856500BE0E6E /* ios_clf_data4R03.csv */,
				B14B8F0C2880856400BE0E6E /* ios_clf_data4R04.csv */,
				B14B8F022880856400BE0E6E /* ios_clf_data4R05.csv */,
				B14B8F1F2880856500BE0E6E /* ios_clf_data4S01.csv */,
				B14B8F0B2880856400BE0E6E /* ios_clf_data4S02.csv */,
				B14B8F102880856500BE0E6E /* ios_clf_data4S03.csv */,
				B14B8F202880856500BE0E6E /* ios_clf_data4S04.csv */,
				B14B8F1A2880856500BE0E6E /* ios_clf_data4S05.csv */,
				B14B8F082880856400BE0E6E /* ios_clf_data4S06.csv */,
				B14B8F0F2880856500BE0E6E /* ios_clf_data4S07.csv */,
				B14B8F042880856400BE0E6E /* ios_clf_data4S08.csv */,
				B14B8F122880856500BE0E6E /* ios_clf_data4S09.csv */,
				B14B8F172880856500BE0E6E /* ios_clf_data4U01.csv */,
				B14B8ECD2880855600BE0E6E /* ios_clf_data5A01.csv */,
				B14B8ED42880855600BE0E6E /* ios_clf_data5A02.csv */,
				B14B8EC92880855600BE0E6E /* ios_clf_data5A03.csv */,
				B14B8ED02880855600BE0E6E /* ios_clf_data5A04.csv */,
				B14B8EDA2880855600BE0E6E /* ios_clf_data5A05.csv */,
				B14B8EC42880855600BE0E6E /* ios_clf_data5A06.csv */,
				B14B8ED92880855600BE0E6E /* ios_clf_data5A07.csv */,
				B14B8EE12880855600BE0E6E /* ios_clf_data5A08.csv */,
				B14B8ECC2880855600BE0E6E /* ios_clf_data5A09.csv */,
				B14B8EDB2880855600BE0E6E /* ios_clf_data5A10.csv */,
				B14B8EC82880855600BE0E6E /* ios_clf_data5A11.csv */,
				B14B8EC52880855600BE0E6E /* ios_clf_data5E01.csv */,
				B14B8EDE2880855600BE0E6E /* ios_clf_data5E02.csv */,
				B14B8ECE2880855600BE0E6E /* ios_clf_data5E03.csv */,
				B14B8ECF2880855600BE0E6E /* ios_clf_data5H01.csv */,
				B14B8EC62880855600BE0E6E /* ios_clf_data5H02.csv */,
				B14B8EE02880855600BE0E6E /* ios_clf_data5R01.csv */,
				B14B8ECA2880855600BE0E6E /* ios_clf_data5R02.csv */,
				B14B8EE22880855600BE0E6E /* ios_clf_data5R03.csv */,
				B14B8ED52880855600BE0E6E /* ios_clf_data5R04.csv */,
				B14B8EDD2880855600BE0E6E /* ios_clf_data5R05.csv */,
				B14B8ED72880855600BE0E6E /* ios_clf_data5S01.csv */,
				B14B8ED62880855600BE0E6E /* ios_clf_data5S02.csv */,
				B14B8EDC2880855600BE0E6E /* ios_clf_data5S03.csv */,
				B14B8ED82880855600BE0E6E /* ios_clf_data5S04.csv */,
				B14B8ED22880855600BE0E6E /* ios_clf_data5S05.csv */,
				B14B8ED12880855600BE0E6E /* ios_clf_data5S06.csv */,
				B14B8EDF2880855600BE0E6E /* ios_clf_data5S07.csv */,
				B14B8EC72880855600BE0E6E /* ios_clf_data5S08.csv */,
				B14B8ED32880855600BE0E6E /* ios_clf_data5S09.csv */,
				B14B8ECB2880855600BE0E6E /* ios_clf_data5U01.csv */,
			);
			path = data;
			sourceTree = "<group>";
		};
		B1915925287A76AA001CB91E = {
			isa = PBXGroup;
			children = (
				B1915930287A76AA001CB91E /* AR_Evacuation_Beacon */,
				B191592F287A76AA001CB91E /* Products */,
				1EB5BF083C7E106250BA5123 /* Pods */,
				772EA2A341090682D7BCD80A /* Frameworks */,
			);
			sourceTree = "<group>";
		};
		B191592F287A76AA001CB91E /* Products */ = {
			isa = PBXGroup;
			children = (
				B191592E287A76AA001CB91E /* AR_Evacuation_Beacon.app */,
			);
			name = Products;
			sourceTree = "<group>";
		};
		B1915930287A76AA001CB91E /* AR_Evacuation_Beacon */ = {
			isa = PBXGroup;
			children = (
				B14B8E3F288083D000BE0E6E /* data */,
				B191595C287AA58D001CB91E /* AR_Evacuation_Beacon.entitlements */,
				B191594C287A7AFE001CB91E /* GoogleService-Info.plist */,
				B1915931287A76AA001CB91E /* AppDelegate.swift */,
				B1915933287A76AA001CB91E /* SceneDelegate.swift */,
				B1915937287A76AA001CB91E /* Main.storyboard */,
				B191593A287A76AA001CB91E /* Assets.xcassets */,
				B191593C287A76AA001CB91E /* LaunchScreen.storyboard */,
				B191593F287A76AA001CB91E /* Info.plist */,
				B191594E287A7B4C001CB91E /* BeaconViewController.swift */,
				B1915950287A7BDA001CB91E /* ModelInterpreter.swift */,
				B1915952287A7E0F001CB91E /* Beacon.swift */,
				B1915954287A7E28001CB91E /* KalmanFilter.swift */,
				B1915956287A7E71001CB91E /* BeaconManager.swift */,
				B1915958287A7EA7001CB91E /* CSVService.swift */,
				B191595A287A8681001CB91E /* BeaconCell.swift */,
				B191595D287AA69F001CB91E /* ARNavigationViewController.swift */,
				B1915962287DDDCF001CB91E /* SocketIOManager.swift */,
				B19159ED287F345A001CB91E /* LabelTableViewCell.swift */,
				B19159EE287F345A001CB91E /* LabelTableViewCell.xib */,
				B14B8FBC2880B23700BE0E6E /* Heading.swift */,
			);
			path = AR_Evacuation_Beacon;
			sourceTree = "<group>";
		};
/* End PBXGroup section */

/* Begin PBXNativeTarget section */
		B191592D287A76AA001CB91E /* AR_Evacuation_Beacon */ = {
			isa = PBXNativeTarget;
			buildConfigurationList = B1915942287A76AA001CB91E /* Build configuration list for PBXNativeTarget "AR_Evacuation_Beacon" */;
			buildPhases = (
				0055888D4345EB59E96DCABC /* [CP] Check Pods Manifest.lock */,
				B191592A287A76AA001CB91E /* Sources */,
				B191592B287A76AA001CB91E /* Frameworks */,
				B191592C287A76AA001CB91E /* Resources */,
			);
			buildRules = (
			);
			dependencies = (
			);
			name = AR_Evacuation_Beacon;
			packageProductDependencies = (
				B1915946287A77A1001CB91E /* FirebaseMLModelDownloader */,
				B1915948287A77A1001CB91E /* FirebaseMessaging */,
				B1915960287DC053001CB91E /* SocketIO */,
			);
			productName = AR_Evacuation_Beacon;
			productReference = B191592E287A76AA001CB91E /* AR_Evacuation_Beacon.app */;
			productType = "com.apple.product-type.application";
		};
/* End PBXNativeTarget section */

/* Begin PBXProject section */
		B1915926287A76AA001CB91E /* Project object */ = {
			isa = PBXProject;
			attributes = {
				BuildIndependentTargetsInParallel = 1;
				LastSwiftUpdateCheck = 1330;
				LastUpgradeCheck = 1330;
				TargetAttributes = {
					B191592D287A76AA001CB91E = {
						CreatedOnToolsVersion = 13.3.1;
					};
				};
			};
			buildConfigurationList = B1915929287A76AA001CB91E /* Build configuration list for PBXProject "AR_Evacuation_Beacon" */;
			compatibilityVersion = "Xcode 13.0";
			developmentRegion = en;
			hasScannedForEncodings = 0;
			knownRegions = (
				en,
				Base,
			);
			mainGroup = B1915925287A76AA001CB91E;
			packageReferences = (
				B1915945287A77A1001CB91E /* XCRemoteSwiftPackageReference "firebase-ios-sdk" */,
				B191595F287DC053001CB91E /* XCRemoteSwiftPackageReference "socket" */,
			);
			productRefGroup = B191592F287A76AA001CB91E /* Products */;
			projectDirPath = "";
			projectRoot = "";
			targets = (
				B191592D287A76AA001CB91E /* AR_Evacuation_Beacon */,
			);
		};
/* End PBXProject section */

/* Begin PBXResourcesBuildPhase section */
		B191592C287A76AA001CB91E /* Resources */ = {
			isa = PBXResourcesBuildPhase;
			buildActionMask = 2147483647;
			files = (
				B14B8F712880857000BE0E6E /* R05.csv in Resources */,
				B14B8F6A2880857000BE0E6E /* A05.csv in Resources */,
				B14B8EEF2880855600BE0E6E /* ios_clf_data5A04.csv in Resources */,
				B14B8F7D2880857000BE0E6E /* R04.csv in Resources */,
				B14B8F752880857000BE0E6E /* U01.csv in Resources */,
				B14B8EE32880855600BE0E6E /* ios_clf_data5A06.csv in Resources */,
				B14B8EFD2880855600BE0E6E /* ios_clf_data5E02.csv in Resources */,
				B14B8FAA2880857900BE0E6E /* ios_clf_data7A09.csv in Resources */,
				B14B8F662880857000BE0E6E /* A06.csv in Resources */,
				B14B8FB52880857900BE0E6E /* ios_clf_data7S08.csv in Resources */,
				B14B8FB42880857900BE0E6E /* ios_clf_data7A07.csv in Resources */,
				B14B8FB72880857900BE0E6E /* ios_clf_data7A08.csv in Resources */,
				B14B8FA62880857900BE0E6E /* ios_clf_data7A02.csv in Resources */,
				B14B8F722880857000BE0E6E /* A08.csv in Resources */,
				B14B8F3F2880856500BE0E6E /* ios_clf_data4S04.csv in Resources */,
				B14B8F6C2880857000BE0E6E /* R02.csv in Resources */,
				B14B8F6D2880857000BE0E6E /* E03.csv in Resources */,
				B14B8F3C2880856500BE0E6E /* ios_clf_data4A08.csv in Resources */,
				B14B8F5F2880857000BE0E6E /* S05.csv in Resources */,
				B14B8EF42880855600BE0E6E /* ios_clf_data5R04.csv in Resources */,
				B14B8FAE2880857900BE0E6E /* ios_clf_data7E03.csv in Resources */,
				B14B8FA02880857900BE0E6E /* ios_clf_data7H02.csv in Resources */,
				B14B8F2F2880856500BE0E6E /* ios_clf_data4S03.csv in Resources */,
				B14B8EF22880855600BE0E6E /* ios_clf_data5S09.csv in Resources */,
				B14B8F6E2880857000BE0E6E /* H02.csv in Resources */,
				B14B8F3A2880856500BE0E6E /* ios_clf_data4A09.csv in Resources */,
				B14B8FB32880857900BE0E6E /* ios_clf_data7E01.csv in Resources */,
				B14B8F622880857000BE0E6E /* A09.csv in Resources */,
				B14B8F7C2880857000BE0E6E /* S01.csv in Resources */,
				B191593E287A76AA001CB91E /* LaunchScreen.storyboard in Resources */,
				B14B8EF32880855600BE0E6E /* ios_clf_data5A02.csv in Resources */,
				B14B8F352880856500BE0E6E /* ios_clf_data4A06.csv in Resources */,
				B14B8FA12880857900BE0E6E /* ios_clf_data7S02.csv in Resources */,
				B14B8EE82880855600BE0E6E /* ios_clf_data5A03.csv in Resources */,
				B14B8F012880855600BE0E6E /* ios_clf_data5R03.csv in Resources */,
				B14B8FB62880857900BE0E6E /* ios_clf_data7H01.csv in Resources */,
				B14B8EED2880855600BE0E6E /* ios_clf_data5E03.csv in Resources */,
				B14B8F9D2880857900BE0E6E /* ios_clf_data7S07.csv in Resources */,
				B14B8FA82880857900BE0E6E /* ios_clf_data7S05.csv in Resources */,
				B14B8F332880856500BE0E6E /* ios_clf_data4A11.csv in Resources */,
				B14B8F3B2880856500BE0E6E /* ios_clf_data4A03.csv in Resources */,
				B14B8F9F2880857900BE0E6E /* ios_clf_data7R05.csv in Resources */,
				B14B8F232880856500BE0E6E /* ios_clf_data4S08.csv in Resources */,
				B14B8F362880856500BE0E6E /* ios_clf_data4U01.csv in Resources */,
				B14B8EF52880855600BE0E6E /* ios_clf_data5S02.csv in Resources */,
				B14B8F3D2880856500BE0E6E /* ios_clf_data4H01.csv in Resources */,
				B14B8F2E2880856500BE0E6E /* ios_clf_data4S07.csv in Resources */,
				B14B8F212880856500BE0E6E /* ios_clf_data4R05.csv in Resources */,
				B14B8F9E2880857900BE0E6E /* ios_clf_data7S04.csv in Resources */,
				B191594D287A7AFE001CB91E /* GoogleService-Info.plist in Resources */,
				B19159F0287F345A001CB91E /* LabelTableViewCell.xib in Resources */,
				B14B8EFA2880855600BE0E6E /* ios_clf_data5A10.csv in Resources */,
				B14B8FB12880857900BE0E6E /* ios_clf_data7R02.csv in Resources */,
				B14B8F7B2880857000BE0E6E /* A11.csv in Resources */,
				B14B8F652880857000BE0E6E /* R03.csv in Resources */,
				B14B8F392880856500BE0E6E /* ios_clf_data4S05.csv in Resources */,
				B14B8F762880857000BE0E6E /* A02.csv in Resources */,
				B14B8F782880857000BE0E6E /* A04.csv in Resources */,
				B14B8EFC2880855600BE0E6E /* ios_clf_data5R05.csv in Resources */,
				B14B8F792880857000BE0E6E /* S07.csv in Resources */,
				B14B8F6F2880857000BE0E6E /* E02.csv in Resources */,
				B14B8F272880856500BE0E6E /* ios_clf_data4S06.csv in Resources */,
				B14B8F3E2880856500BE0E6E /* ios_clf_data4S01.csv in Resources */,
				B14B8EFE2880855600BE0E6E /* ios_clf_data5S07.csv in Resources */,
				B14B8EF12880855600BE0E6E /* ios_clf_data5S05.csv in Resources */,
				B14B8EEA2880855600BE0E6E /* ios_clf_data5U01.csv in Resources */,
				B14B8F772880857000BE0E6E /* S06.csv in Resources */,
				B14B8F382880856500BE0E6E /* ios_clf_data4A07.csv in Resources */,
				B14B8FA72880857900BE0E6E /* ios_clf_data7A11.csv in Resources */,
				B14B8F632880857000BE0E6E /* S08.csv in Resources */,
				B14B8EEC2880855600BE0E6E /* ios_clf_data5A01.csv in Resources */,
				B14B8F292880856500BE0E6E /* ios_clf_data4R02.csv in Resources */,
				B14B8F2A2880856500BE0E6E /* ios_clf_data4S02.csv in Resources */,
				B14B8EE42880855600BE0E6E /* ios_clf_data5E01.csv in Resources */,
				B14B8EEE2880855600BE0E6E /* ios_clf_data5H01.csv in Resources */,
				B14B8FB02880857900BE0E6E /* ios_clf_data7A10.csv in Resources */,
				B14B8EFB2880855600BE0E6E /* ios_clf_data5S03.csv in Resources */,
				B14B8F2B2880856500BE0E6E /* ios_clf_data4R04.csv in Resources */,
				B14B8FAF2880857900BE0E6E /* ios_clf_data7A06.csv in Resources */,
				B14B8F742880857000BE0E6E /* A03.csv in Resources */,
				B14B8FA42880857900BE0E6E /* ios_clf_data7U01.csv in Resources */,
				B14B8EE52880855600BE0E6E /* ios_clf_data5H02.csv in Resources */,
				B14B8F302880856500BE0E6E /* ios_clf_data4R03.csv in Resources */,
				B14B8FBA2880857900BE0E6E /* ios_clf_data7S03.csv in Resources */,
				B14B8F672880857000BE0E6E /* R01.csv in Resources */,
				B14B8F642880857000BE0E6E /* S04.csv in Resources */,
				B14B8FA32880857900BE0E6E /* ios_clf_data7A04.csv in Resources */,
				B14B8EF62880855600BE0E6E /* ios_clf_data5S01.csv in Resources */,
				B14B8EF82880855600BE0E6E /* ios_clf_data5A07.csv in Resources */,
				B14B8EFF2880855600BE0E6E /* ios_clf_data5R01.csv in Resources */,
				B14B8F342880856500BE0E6E /* ios_clf_data4A10.csv in Resources */,
				B14B8F372880856500BE0E6E /* ios_clf_data4A01.csv in Resources */,
				B14B8FB92880857900BE0E6E /* ios_clf_data7A01.csv in Resources */,
				B14B8F702880857000BE0E6E /* H01.csv in Resources */,
				B14B8FBB2880857900BE0E6E /* ios_clf_data7R03.csv in Resources */,
				B14B8EE72880855600BE0E6E /* ios_clf_data5A11.csv in Resources */,
				B14B8FA52880857900BE0E6E /* ios_clf_data7S01.csv in Resources */,
				B14B8F682880857000BE0E6E /* A10.csv in Resources */,
				B14B8F002880855600BE0E6E /* ios_clf_data5A08.csv in Resources */,
				B14B8F2C2880856500BE0E6E /* ios_clf_data4E03.csv in Resources */,
				B14B8F252880856500BE0E6E /* ios_clf_data4A02.csv in Resources */,
				B14B8F612880857000BE0E6E /* A01.csv in Resources */,
				B14B8EF02880855600BE0E6E /* ios_clf_data5S06.csv in Resources */,
				B14B8F242880856500BE0E6E /* ios_clf_data4A04.csv in Resources */,
				B14B8F692880857000BE0E6E /* E01.csv in Resources */,
				B14B8F312880856500BE0E6E /* ios_clf_data4S09.csv in Resources */,
				B14B8F732880857000BE0E6E /* A07.csv in Resources */,
				B14B8EF92880855600BE0E6E /* ios_clf_data5A05.csv in Resources */,
				B14B8F602880857000BE0E6E /* S09.csv in Resources */,
				B14B8FA92880857900BE0E6E /* ios_clf_data7S06.csv in Resources */,
				B14B8EEB2880855600BE0E6E /* ios_clf_data5A09.csv in Resources */,
				B14B8F282880856500BE0E6E /* ios_clf_data4H02.csv in Resources */,
				B14B8F6B2880857000BE0E6E /* S02.csv in Resources */,
				B14B8FAD2880857900BE0E6E /* ios_clf_data7A03.csv in Resources */,
				B191593B287A76AA001CB91E /* Assets.xcassets in Resources */,
				B1915939287A76AA001CB91E /* Main.storyboard in Resources */,
				B14B8F262880856500BE0E6E /* ios_clf_data4E02.csv in Resources */,
				B14B8EE62880855600BE0E6E /* ios_clf_data5S08.csv in Resources */,
				B14B8FAB2880857900BE0E6E /* ios_clf_data7S09.csv in Resources */,
				B14B8F7A2880857000BE0E6E /* S03.csv in Resources */,
				B14B8FB22880857900BE0E6E /* ios_clf_data7R01.csv in Resources */,
				B14B8FB82880857900BE0E6E /* ios_clf_data7E02.csv in Resources */,
				B14B8F222880856500BE0E6E /* ios_clf_data4R01.csv in Resources */,
				B14B8FA22880857900BE0E6E /* ios_clf_data7R04.csv in Resources */,
				B14B8F322880856500BE0E6E /* ios_clf_data4A05.csv in Resources */,
				B14B8EF72880855600BE0E6E /* ios_clf_data5S04.csv in Resources */,
				B14B8F2D2880856500BE0E6E /* ios_clf_data4E01.csv in Resources */,
				B14B8EE92880855600BE0E6E /* ios_clf_data5R02.csv in Resources */,
				B14B8FAC2880857900BE0E6E /* ios_clf_data7A05.csv in Resources */,
			);
			runOnlyForDeploymentPostprocessing = 0;
		};
/* End PBXResourcesBuildPhase section */

/* Begin PBXShellScriptBuildPhase section */
		0055888D4345EB59E96DCABC /* [CP] Check Pods Manifest.lock */ = {
			isa = PBXShellScriptBuildPhase;
			buildActionMask = 2147483647;
			files = (
			);
			inputFileListPaths = (
			);
			inputPaths = (
				"${PODS_PODFILE_DIR_PATH}/Podfile.lock",
				"${PODS_ROOT}/Manifest.lock",
			);
			name = "[CP] Check Pods Manifest.lock";
			outputFileListPaths = (
			);
			outputPaths = (
				"$(DERIVED_FILE_DIR)/Pods-AR_Evacuation_Beacon-checkManifestLockResult.txt",
			);
			runOnlyForDeploymentPostprocessing = 0;
			shellPath = /bin/sh;
			shellScript = "diff \"${PODS_PODFILE_DIR_PATH}/Podfile.lock\" \"${PODS_ROOT}/Manifest.lock\" > /dev/null\nif [ $? != 0 ] ; then\n    # print error to STDERR\n    echo \"error: The sandbox is not in sync with the Podfile.lock. Run 'pod install' or update your CocoaPods installation.\" >&2\n    exit 1\nfi\n# This output is used by Xcode 'outputs' to avoid re-running this script phase.\necho \"SUCCESS\" > \"${SCRIPT_OUTPUT_FILE_0}\"\n";
			showEnvVarsInLog = 0;
		};
/* End PBXShellScriptBuildPhase section */

/* Begin PBXSourcesBuildPhase section */
		B191592A287A76AA001CB91E /* Sources */ = {
			isa = PBXSourcesBuildPhase;
			buildActionMask = 2147483647;
			files = (
				B1915955287A7E28001CB91E /* KalmanFilter.swift in Sources */,
				B191595B287A8681001CB91E /* BeaconCell.swift in Sources */,
				B1915957287A7E71001CB91E /* BeaconManager.swift in Sources */,
				B191594F287A7B4C001CB91E /* BeaconViewController.swift in Sources */,
				B1915963287DDDCF001CB91E /* SocketIOManager.swift in Sources */,
				B1915932287A76AA001CB91E /* AppDelegate.swift in Sources */,
				B191595E287AA69F001CB91E /* ARNavigationViewController.swift in Sources */,
				B1915951287A7BDA001CB91E /* ModelInterpreter.swift in Sources */,
				B1915934287A76AA001CB91E /* SceneDelegate.swift in Sources */,
				B19159EF287F345A001CB91E /* LabelTableViewCell.swift in Sources */,
				B1915959287A7EA7001CB91E /* CSVService.swift in Sources */,
				B14B8FBD2880B23700BE0E6E /* Heading.swift in Sources */,
				B1915953287A7E0F001CB91E /* Beacon.swift in Sources */,
			);
			runOnlyForDeploymentPostprocessing = 0;
		};
/* End PBXSourcesBuildPhase section */

/* Begin PBXVariantGroup section */
		B1915937287A76AA001CB91E /* Main.storyboard */ = {
			isa = PBXVariantGroup;
			children = (
				B1915938287A76AA001CB91E /* Base */,
			);
			name = Main.storyboard;
			sourceTree = "<group>";
		};
		B191593C287A76AA001CB91E /* LaunchScreen.storyboard */ = {
			isa = PBXVariantGroup;
			children = (
				B191593D287A76AA001CB91E /* Base */,
			);
			name = LaunchScreen.storyboard;
			sourceTree = "<group>";
		};
/* End PBXVariantGroup section */

/* Begin XCBuildConfiguration section */
		B1915940287A76AA001CB91E /* Debug */ = {
			isa = XCBuildConfiguration;
			buildSettings = {
				ALWAYS_SEARCH_USER_PATHS = NO;
				CLANG_ANALYZER_NONNULL = YES;
				CLANG_ANALYZER_NUMBER_OBJECT_CONVERSION = YES_AGGRESSIVE;
				CLANG_CXX_LANGUAGE_STANDARD = "gnu++17";
				CLANG_ENABLE_MODULES = YES;
				CLANG_ENABLE_OBJC_ARC = YES;
				CLANG_ENABLE_OBJC_WEAK = YES;
				CLANG_WARN_BLOCK_CAPTURE_AUTORELEASING = YES;
				CLANG_WARN_BOOL_CONVERSION = YES;
				CLANG_WARN_COMMA = YES;
				CLANG_WARN_CONSTANT_CONVERSION = YES;
				CLANG_WARN_DEPRECATED_OBJC_IMPLEMENTATIONS = YES;
				CLANG_WARN_DIRECT_OBJC_ISA_USAGE = YES_ERROR;
				CLANG_WARN_DOCUMENTATION_COMMENTS = YES;
				CLANG_WARN_EMPTY_BODY = YES;
				CLANG_WARN_ENUM_CONVERSION = YES;
				CLANG_WARN_INFINITE_RECURSION = YES;
				CLANG_WARN_INT_CONVERSION = YES;
				CLANG_WARN_NON_LITERAL_NULL_CONVERSION = YES;
				CLANG_WARN_OBJC_IMPLICIT_RETAIN_SELF = YES;
				CLANG_WARN_OBJC_LITERAL_CONVERSION = YES;
				CLANG_WARN_OBJC_ROOT_CLASS = YES_ERROR;
				CLANG_WARN_QUOTED_INCLUDE_IN_FRAMEWORK_HEADER = YES;
				CLANG_WARN_RANGE_LOOP_ANALYSIS = YES;
				CLANG_WARN_STRICT_PROTOTYPES = YES;
				CLANG_WARN_SUSPICIOUS_MOVE = YES;
				CLANG_WARN_UNGUARDED_AVAILABILITY = YES_AGGRESSIVE;
				CLANG_WARN_UNREACHABLE_CODE = YES;
				CLANG_WARN__DUPLICATE_METHOD_MATCH = YES;
				COPY_PHASE_STRIP = NO;
				DEBUG_INFORMATION_FORMAT = dwarf;
				ENABLE_STRICT_OBJC_MSGSEND = YES;
				ENABLE_TESTABILITY = YES;
				GCC_C_LANGUAGE_STANDARD = gnu11;
				GCC_DYNAMIC_NO_PIC = NO;
				GCC_NO_COMMON_BLOCKS = YES;
				GCC_OPTIMIZATION_LEVEL = 0;
				GCC_PREPROCESSOR_DEFINITIONS = (
					"DEBUG=1",
					"$(inherited)",
				);
				GCC_WARN_64_TO_32_BIT_CONVERSION = YES;
				GCC_WARN_ABOUT_RETURN_TYPE = YES_ERROR;
				GCC_WARN_UNDECLARED_SELECTOR = YES;
				GCC_WARN_UNINITIALIZED_AUTOS = YES_AGGRESSIVE;
				GCC_WARN_UNUSED_FUNCTION = YES;
				GCC_WARN_UNUSED_VARIABLE = YES;
				IPHONEOS_DEPLOYMENT_TARGET = 14.0;
				MTL_ENABLE_DEBUG_INFO = INCLUDE_SOURCE;
				MTL_FAST_MATH = YES;
				ONLY_ACTIVE_ARCH = YES;
				SDKROOT = iphoneos;
				SWIFT_ACTIVE_COMPILATION_CONDITIONS = DEBUG;
				SWIFT_OPTIMIZATION_LEVEL = "-Onone";
			};
			name = Debug;
		};
		B1915941287A76AA001CB91E /* Release */ = {
			isa = XCBuildConfiguration;
			buildSettings = {
				ALWAYS_SEARCH_USER_PATHS = NO;
				CLANG_ANALYZER_NONNULL = YES;
				CLANG_ANALYZER_NUMBER_OBJECT_CONVERSION = YES_AGGRESSIVE;
				CLANG_CXX_LANGUAGE_STANDARD = "gnu++17";
				CLANG_ENABLE_MODULES = YES;
				CLANG_ENABLE_OBJC_ARC = YES;
				CLANG_ENABLE_OBJC_WEAK = YES;
				CLANG_WARN_BLOCK_CAPTURE_AUTORELEASING = YES;
				CLANG_WARN_BOOL_CONVERSION = YES;
				CLANG_WARN_COMMA = YES;
				CLANG_WARN_CONSTANT_CONVERSION = YES;
				CLANG_WARN_DEPRECATED_OBJC_IMPLEMENTATIONS = YES;
				CLANG_WARN_DIRECT_OBJC_ISA_USAGE = YES_ERROR;
				CLANG_WARN_DOCUMENTATION_COMMENTS = YES;
				CLANG_WARN_EMPTY_BODY = YES;
				CLANG_WARN_ENUM_CONVERSION = YES;
				CLANG_WARN_INFINITE_RECURSION = YES;
				CLANG_WARN_INT_CONVERSION = YES;
				CLANG_WARN_NON_LITERAL_NULL_CONVERSION = YES;
				CLANG_WARN_OBJC_IMPLICIT_RETAIN_SELF = YES;
				CLANG_WARN_OBJC_LITERAL_CONVERSION = YES;
				CLANG_WARN_OBJC_ROOT_CLASS = YES_ERROR;
				CLANG_WARN_QUOTED_INCLUDE_IN_FRAMEWORK_HEADER = YES;
				CLANG_WARN_RANGE_LOOP_ANALYSIS = YES;
				CLANG_WARN_STRICT_PROTOTYPES = YES;
				CLANG_WARN_SUSPICIOUS_MOVE = YES;
				CLANG_WARN_UNGUARDED_AVAILABILITY = YES_AGGRESSIVE;
				CLANG_WARN_UNREACHABLE_CODE = YES;
				CLANG_WARN__DUPLICATE_METHOD_MATCH = YES;
				COPY_PHASE_STRIP = NO;
				DEBUG_INFORMATION_FORMAT = "dwarf-with-dsym";
				ENABLE_NS_ASSERTIONS = NO;
				ENABLE_STRICT_OBJC_MSGSEND = YES;
				GCC_C_LANGUAGE_STANDARD = gnu11;
				GCC_NO_COMMON_BLOCKS = YES;
				GCC_WARN_64_TO_32_BIT_CONVERSION = YES;
				GCC_WARN_ABOUT_RETURN_TYPE = YES_ERROR;
				GCC_WARN_UNDECLARED_SELECTOR = YES;
				GCC_WARN_UNINITIALIZED_AUTOS = YES_AGGRESSIVE;
				GCC_WARN_UNUSED_FUNCTION = YES;
				GCC_WARN_UNUSED_VARIABLE = YES;
				IPHONEOS_DEPLOYMENT_TARGET = 14.0;
				MTL_ENABLE_DEBUG_INFO = NO;
				MTL_FAST_MATH = YES;
				SDKROOT = iphoneos;
				SWIFT_COMPILATION_MODE = wholemodule;
				SWIFT_OPTIMIZATION_LEVEL = "-O";
				VALIDATE_PRODUCT = YES;
			};
			name = Release;
		};
		B1915943287A76AA001CB91E /* Debug */ = {
			isa = XCBuildConfiguration;
			baseConfigurationReference = 51691426705F53637B5D5A41 /* Pods-AR_Evacuation_Beacon.debug.xcconfig */;
			buildSettings = {
				ASSETCATALOG_COMPILER_APPICON_NAME = AppIcon;
				ASSETCATALOG_COMPILER_GLOBAL_ACCENT_COLOR_NAME = AccentColor;
				CODE_SIGN_ENTITLEMENTS = AR_Evacuation_Beacon/AR_Evacuation_Beacon.entitlements;
				CODE_SIGN_STYLE = Automatic;
				CURRENT_PROJECT_VERSION = 1;
				DEVELOPMENT_TEAM = 693WY75AQY;
				GENERATE_INFOPLIST_FILE = YES;
				INFOPLIST_FILE = AR_Evacuation_Beacon/Info.plist;
				INFOPLIST_KEY_NSLocationAlwaysAndWhenInUseUsageDescription = "To find Beacon";
				INFOPLIST_KEY_NSLocationAlwaysUsageDescription = "To find Beacon";
				INFOPLIST_KEY_NSLocationUsageDescription = "To find Beacon";
				INFOPLIST_KEY_NSLocationWhenInUseUsageDescription = "To find Beacon";
				INFOPLIST_KEY_NSMotionUsageDescription = "To get the sensor";
				INFOPLIST_KEY_UIApplicationSupportsIndirectInputEvents = YES;
				INFOPLIST_KEY_UILaunchStoryboardName = LaunchScreen;
				INFOPLIST_KEY_UIMainStoryboardFile = Main;
				INFOPLIST_KEY_UISupportedInterfaceOrientations_iPad = "UIInterfaceOrientationPortrait UIInterfaceOrientationPortraitUpsideDown UIInterfaceOrientationLandscapeLeft UIInterfaceOrientationLandscapeRight";
				INFOPLIST_KEY_UISupportedInterfaceOrientations_iPhone = "UIInterfaceOrientationPortrait UIInterfaceOrientationLandscapeLeft UIInterfaceOrientationLandscapeRight";
				LD_RUNPATH_SEARCH_PATHS = (
					"$(inherited)",
					"@executable_path/Frameworks",
				);
				MARKETING_VERSION = 1.0;
				PRODUCT_BUNDLE_IDENTIFIER = "com.baconbeacon.AR-Evacuation-Beacon";
				PRODUCT_NAME = "$(TARGET_NAME)";
				SWIFT_EMIT_LOC_STRINGS = YES;
				SWIFT_VERSION = 5.0;
				TARGETED_DEVICE_FAMILY = "1,2";
			};
			name = Debug;
		};
		B1915944287A76AA001CB91E /* Release */ = {
			isa = XCBuildConfiguration;
			baseConfigurationReference = 0AAA225C72513DDADD22C250 /* Pods-AR_Evacuation_Beacon.release.xcconfig */;
			buildSettings = {
				ASSETCATALOG_COMPILER_APPICON_NAME = AppIcon;
				ASSETCATALOG_COMPILER_GLOBAL_ACCENT_COLOR_NAME = AccentColor;
				CODE_SIGN_ENTITLEMENTS = AR_Evacuation_Beacon/AR_Evacuation_Beacon.entitlements;
				CODE_SIGN_STYLE = Automatic;
				CURRENT_PROJECT_VERSION = 1;
				DEVELOPMENT_TEAM = 693WY75AQY;
				GENERATE_INFOPLIST_FILE = YES;
				INFOPLIST_FILE = AR_Evacuation_Beacon/Info.plist;
				INFOPLIST_KEY_NSLocationAlwaysAndWhenInUseUsageDescription = "To find Beacon";
				INFOPLIST_KEY_NSLocationAlwaysUsageDescription = "To find Beacon";
				INFOPLIST_KEY_NSLocationUsageDescription = "To find Beacon";
				INFOPLIST_KEY_NSLocationWhenInUseUsageDescription = "To find Beacon";
				INFOPLIST_KEY_NSMotionUsageDescription = "To get the sensor";
				INFOPLIST_KEY_UIApplicationSupportsIndirectInputEvents = YES;
				INFOPLIST_KEY_UILaunchStoryboardName = LaunchScreen;
				INFOPLIST_KEY_UIMainStoryboardFile = Main;
				INFOPLIST_KEY_UISupportedInterfaceOrientations_iPad = "UIInterfaceOrientationPortrait UIInterfaceOrientationPortraitUpsideDown UIInterfaceOrientationLandscapeLeft UIInterfaceOrientationLandscapeRight";
				INFOPLIST_KEY_UISupportedInterfaceOrientations_iPhone = "UIInterfaceOrientationPortrait UIInterfaceOrientationLandscapeLeft UIInterfaceOrientationLandscapeRight";
				LD_RUNPATH_SEARCH_PATHS = (
					"$(inherited)",
					"@executable_path/Frameworks",
				);
				MARKETING_VERSION = 1.0;
				PRODUCT_BUNDLE_IDENTIFIER = "com.baconbeacon.AR-Evacuation-Beacon";
				PRODUCT_NAME = "$(TARGET_NAME)";
				SWIFT_EMIT_LOC_STRINGS = YES;
				SWIFT_VERSION = 5.0;
				TARGETED_DEVICE_FAMILY = "1,2";
			};
			name = Release;
		};
/* End XCBuildConfiguration section */

/* Begin XCConfigurationList section */
		B1915929287A76AA001CB91E /* Build configuration list for PBXProject "AR_Evacuation_Beacon" */ = {
			isa = XCConfigurationList;
			buildConfigurations = (
				B1915940287A76AA001CB91E /* Debug */,
				B1915941287A76AA001CB91E /* Release */,
			);
			defaultConfigurationIsVisible = 0;
			defaultConfigurationName = Release;
		};
		B1915942287A76AA001CB91E /* Build configuration list for PBXNativeTarget "AR_Evacuation_Beacon" */ = {
			isa = XCConfigurationList;
			buildConfigurations = (
				B1915943287A76AA001CB91E /* Debug */,
				B1915944287A76AA001CB91E /* Release */,
			);
			defaultConfigurationIsVisible = 0;
			defaultConfigurationName = Release;
		};
/* End XCConfigurationList section */

/* Begin XCRemoteSwiftPackageReference section */
		B1915945287A77A1001CB91E /* XCRemoteSwiftPackageReference "firebase-ios-sdk" */ = {
			isa = XCRemoteSwiftPackageReference;
			repositoryURL = "https://github.com/firebase/firebase-ios-sdk.git";
			requirement = {
				kind = upToNextMajorVersion;
				minimumVersion = 9.2.0;
			};
		};
		B191595F287DC053001CB91E /* XCRemoteSwiftPackageReference "socket" */ = {
			isa = XCRemoteSwiftPackageReference;
			repositoryURL = "https://github.com/socketio/socket.io-client-swift";
			requirement = {
				kind = upToNextMajorVersion;
				minimumVersion = 15.0.0;
			};
		};
/* End XCRemoteSwiftPackageReference section */

/* Begin XCSwiftPackageProductDependency section */
		B1915946287A77A1001CB91E /* FirebaseMLModelDownloader */ = {
			isa = XCSwiftPackageProductDependency;
			package = B1915945287A77A1001CB91E /* XCRemoteSwiftPackageReference "firebase-ios-sdk" */;
			productName = FirebaseMLModelDownloader;
		};
		B1915948287A77A1001CB91E /* FirebaseMessaging */ = {
			isa = XCSwiftPackageProductDependency;
			package = B1915945287A77A1001CB91E /* XCRemoteSwiftPackageReference "firebase-ios-sdk" */;
			productName = FirebaseMessaging;
		};
		B1915960287DC053001CB91E /* SocketIO */ = {
			isa = XCSwiftPackageProductDependency;
			package = B191595F287DC053001CB91E /* XCRemoteSwiftPackageReference "socket" */;
			productName = SocketIO;
		};
/* End XCSwiftPackageProductDependency section */
	};
	rootObject = B1915926287A76AA001CB91E /* Project object */;
}
